
Microsoft Visual Studio Solution File, Format Version 11.00
# Visual Studio 2010
Project("{FAE04EC0-301F-11D3-BF4B-00C04F79EFBC}") = "prelecture-3", "Assembly-CSharp.csproj", "{604A4BC7-C0E7-9EE8-80F3-0F806CBB74D8}"
EndProject
Global
	GlobalSection(SolutionConfigurationPlatforms) = preSolution
		Debug|Any CPU = Debug|Any CPU
		Release|Any CPU = Release|Any CPU
	EndGlobalSection
	GlobalSection(ProjectConfigurationPlatforms) = postSolution
		{604A4BC7-C0E7-9EE8-80F3-0F806CBB74D8}.Debug|Any CPU.ActiveCfg = Debug|Any CPU
		{604A4BC7-C0E7-9EE8-80F3-0F806CBB74D8}.Debug|Any CPU.Build.0 = Debug|Any CPU
		{604A4BC7-C0E7-9EE8-80F3-0F806CBB74D8}.Release|Any CPU.ActiveCfg = Release|Any CPU
		{604A4BC7-C0E7-9EE8-80F3-0F806CBB74D8}.Release|Any CPU.Build.0 = Release|Any CPU
	EndGlobalSection
	GlobalSection(SolutionProperties) = preSolution
		HideSolutionNode = FALSE
	EndGlobalSection
	GlobalSection(MonoDevelopProperties) = preSolution
		StartupItem = Assembly-CSharp.csproj
	EndGlobalSection
EndGlobal
