
Microsoft Visual Studio Solution File, Format Version 11.00
# Visual Studio 2010
Project("{FAE04EC0-301F-11D3-BF4B-00C04F79EFBC}") = "lecture6", "Assembly-CSharp.csproj", "{82A90BD7-3979-729A-5169-8BE37FCB6F34}"
EndProject
Project("{FAE04EC0-301F-11D3-BF4B-00C04F79EFBC}") = "lecture6", "Assembly-CSharp-firstpass.csproj", "{2EBF7CC2-5269-253C-9D52-62F291DED03F}"
EndProject
Project("{FAE04EC0-301F-11D3-BF4B-00C04F79EFBC}") = "lecture6", "Assembly-CSharp-Editor.csproj", "{6670BA99-507E-F766-CC4D-101AB9A10B7A}"
EndProject
Project("{FAE04EC0-301F-11D3-BF4B-00C04F79EFBC}") = "lecture6", "Assembly-CSharp-Editor-firstpass.csproj", "{A3BF8903-5CBB-BF31-C8FA-581BA5F9D2D3}"
EndProject
Global
	GlobalSection(SolutionConfigurationPlatforms) = preSolution
		Debug|Any CPU = Debug|Any CPU
		Release|Any CPU = Release|Any CPU
	EndGlobalSection
	GlobalSection(ProjectConfigurationPlatforms) = postSolution
		{82A90BD7-3979-729A-5169-8BE37FCB6F34}.Debug|Any CPU.ActiveCfg = Debug|Any CPU
		{82A90BD7-3979-729A-5169-8BE37FCB6F34}.Debug|Any CPU.Build.0 = Debug|Any CPU
		{82A90BD7-3979-729A-5169-8BE37FCB6F34}.Release|Any CPU.ActiveCfg = Release|Any CPU
		{82A90BD7-3979-729A-5169-8BE37FCB6F34}.Release|Any CPU.Build.0 = Release|Any CPU
		{2EBF7CC2-5269-253C-9D52-62F291DED03F}.Debug|Any CPU.ActiveCfg = Debug|Any CPU
		{2EBF7CC2-5269-253C-9D52-62F291DED03F}.Debug|Any CPU.Build.0 = Debug|Any CPU
		{2EBF7CC2-5269-253C-9D52-62F291DED03F}.Release|Any CPU.ActiveCfg = Release|Any CPU
		{2EBF7CC2-5269-253C-9D52-62F291DED03F}.Release|Any CPU.Build.0 = Release|Any CPU
		{6670BA99-507E-F766-CC4D-101AB9A10B7A}.Debug|Any CPU.ActiveCfg = Debug|Any CPU
		{6670BA99-507E-F766-CC4D-101AB9A10B7A}.Debug|Any CPU.Build.0 = Debug|Any CPU
		{6670BA99-507E-F766-CC4D-101AB9A10B7A}.Release|Any CPU.ActiveCfg = Release|Any CPU
		{6670BA99-507E-F766-CC4D-101AB9A10B7A}.Release|Any CPU.Build.0 = Release|Any CPU
		{A3BF8903-5CBB-BF31-C8FA-581BA5F9D2D3}.Debug|Any CPU.ActiveCfg = Debug|Any CPU
		{A3BF8903-5CBB-BF31-C8FA-581BA5F9D2D3}.Debug|Any CPU.Build.0 = Debug|Any CPU
		{A3BF8903-5CBB-BF31-C8FA-581BA5F9D2D3}.Release|Any CPU.ActiveCfg = Release|Any CPU
		{A3BF8903-5CBB-BF31-C8FA-581BA5F9D2D3}.Release|Any CPU.Build.0 = Release|Any CPU
	EndGlobalSection
	GlobalSection(SolutionProperties) = preSolution
		HideSolutionNode = FALSE
	EndGlobalSection
	GlobalSection(MonoDevelopProperties) = preSolution
		StartupItem = Assembly-CSharp.csproj
	EndGlobalSection
EndGlobal
