<?xml version="1.0"?>
<plist version="1.0">
	<dict>
		<key>archiveVersion</key>
		<string>1</string>
		<key>classes</key>
		<dict />
		<key>objectVersion</key>
		<string>46</string>
		<key>objects</key>
		<dict>
			<key>498B5D6E3C75A6AB4F115630</key>
			<dict>
				<key>fileRef</key>
				<string>4146A66398F9A39F010D02B8</string>
				<key>isa</key>
				<string>PBXBuildFile</string>
			</dict>
			<key>4146A66398F9A39F010D02B8</key>
			<dict>
				<key>explicitFileType</key>
				<string>sourcecode.cpp.cpp</string>
				<key>fileEncoding</key>
				<string>30</string>
				<key>isa</key>
				<string>PBXFileReference</string>
				<key>name</key>
				<string>b2Collision.cpp</string>
				<key>path</key>
				<string>../../addons/ofxBox2d/libs/Box2D/Collision/b2Collision.cpp</string>
				<key>sourceTree</key>
				<string>SOURCE_ROOT</string>
			</dict>
			<key>9E86BF5BC4841E184A88F114</key>
			<dict>
				<key>fileRef</key>
				<string>6491B3505773A950FD8FCC10</string>
				<key>isa</key>
				<string>PBXBuildFile</string>
			</dict>
			<key>6491B3505773A950FD8FCC10</key>
			<dict>
				<key>explicitFileType</key>
				<string>sourcecode.cpp.cpp</string>
				<key>fileEncoding</key>
				<string>30</string>
				<key>isa</key>
				<string>PBXFileReference</string>
				<key>name</key>
				<string>b2CollideEdge.cpp</string>
				<key>path</key>
				<string>../../addons/ofxBox2d/libs/Box2D/Collision/b2CollideEdge.cpp</string>
				<key>sourceTree</key>
				<string>SOURCE_ROOT</string>
			</dict>
			<key>C5AE8CA283C9E47BF6EF220C</key>
			<dict>
				<key>explicitFileType</key>
				<string>sourcecode.c.h</string>
				<key>fileEncoding</key>
				<string>30</string>
				<key>isa</key>
				<string>PBXFileReference</string>
				<key>name</key>
				<string>b2Distance.h</string>
				<key>path</key>
				<string>../../addons/ofxBox2d/libs/Box2D/Collision/b2Distance.h</string>
				<key>sourceTree</key>
				<string>SOURCE_ROOT</string>
			</dict>
			<key>946647B77BF315334A3F0A49</key>
			<dict>
				<key>explicitFileType</key>
				<string>sourcecode.c.h</string>
				<key>fileEncoding</key>
				<string>30</string>
				<key>isa</key>
				<string>PBXFileReference</string>
				<key>name</key>
				<string>b2BroadPhase.h</string>
				<key>path</key>
				<string>../../addons/ofxBox2d/libs/Box2D/Collision/b2BroadPhase.h</string>
				<key>sourceTree</key>
				<string>SOURCE_ROOT</string>
			</dict>
			<key>E65510D81241DD1E8F8E019F</key>
			<dict>
				<key>fileRef</key>
				<string>7AEB79D40D369E6CB338226E</string>
				<key>isa</key>
				<string>PBXBuildFile</string>
			</dict>
			<key>7AEB79D40D369E6CB338226E</key>
			<dict>
				<key>explicitFileType</key>
				<string>sourcecode.cpp.cpp</string>
				<key>fileEncoding</key>
				<string>30</string>
				<key>isa</key>
				<string>PBXFileReference</string>
				<key>name</key>
				<string>b2BroadPhase.cpp</string>
				<key>path</key>
				<string>../../addons/ofxBox2d/libs/Box2D/Collision/b2BroadPhase.cpp</string>
				<key>sourceTree</key>
				<string>SOURCE_ROOT</string>
			</dict>
			<key>A0F82B465BC1F196B83A5816</key>
			<dict>
				<key>fileRef</key>
				<string>3DD1DD10CC705C1D70B007AB</string>
				<key>isa</key>
				<string>PBXBuildFile</string>
			</dict>
			<key>3DD1DD10CC705C1D70B007AB</key>
			<dict>
				<key>explicitFileType</key>
				<string>sourcecode.cpp.cpp</string>
				<key>fileEncoding</key>
				<string>30</string>
				<key>isa</key>
				<string>PBXFileReference</string>
				<key>name</key>
				<string>b2TimeOfImpact.cpp</string>
				<key>path</key>
				<string>../../addons/ofxBox2d/libs/Box2D/Collision/b2TimeOfImpact.cpp</string>
				<key>sourceTree</key>
				<string>SOURCE_ROOT</string>
			</dict>
			<key>DDEEE3337C4544EC10281524</key>
			<dict>
				<key>explicitFileType</key>
				<string>sourcecode.c.h</string>
				<key>fileEncoding</key>
				<string>30</string>
				<key>isa</key>
				<string>PBXFileReference</string>
				<key>name</key>
				<string>b2TimeOfImpact.h</string>
				<key>path</key>
				<string>../../addons/ofxBox2d/libs/Box2D/Collision/b2TimeOfImpact.h</string>
				<key>sourceTree</key>
				<string>SOURCE_ROOT</string>
			</dict>
			<key>E572A8E7278A3E1D3FB75F50</key>
			<dict>
				<key>explicitFileType</key>
				<string>sourcecode.c.h</string>
				<key>fileEncoding</key>
				<string>30</string>
				<key>isa</key>
				<string>PBXFileReference</string>
				<key>name</key>
				<string>b2CircleShape.h</string>
				<key>path</key>
				<string>../../addons/ofxBox2d/libs/Box2D/Collision/Shapes/b2CircleShape.h</string>
				<key>sourceTree</key>
				<string>SOURCE_ROOT</string>
			</dict>
			<key>99EECB587027A050AB1BAD9D</key>
			<dict>
				<key>explicitFileType</key>
				<string>sourcecode.c.h</string>
				<key>fileEncoding</key>
				<string>30</string>
				<key>isa</key>
				<string>PBXFileReference</string>
				<key>name</key>
				<string>b2EdgeShape.h</string>
				<key>path</key>
				<string>../../addons/ofxBox2d/libs/Box2D/Collision/Shapes/b2EdgeShape.h</string>
				<key>sourceTree</key>
				<string>SOURCE_ROOT</string>
			</dict>
			<key>9B59A29A5D07A6ACFC90E099</key>
			<dict>
				<key>fileRef</key>
				<string>3BF6E16D70606182A03272F9</string>
				<key>isa</key>
				<string>PBXBuildFile</string>
			</dict>
			<key>3BF6E16D70606182A03272F9</key>
			<dict>
				<key>explicitFileType</key>
				<string>sourcecode.cpp.cpp</string>
				<key>fileEncoding</key>
				<string>30</string>
				<key>isa</key>
				<string>PBXFileReference</string>
				<key>name</key>
				<string>b2PolygonShape.cpp</string>
				<key>path</key>
				<string>../../addons/ofxBox2d/libs/Box2D/Collision/Shapes/b2PolygonShape.cpp</string>
				<key>sourceTree</key>
				<string>SOURCE_ROOT</string>
			</dict>
			<key>E97D40424C545C8FC35A2396</key>
			<dict>
				<key>fileRef</key>
				<string>74E9454C8FC77A9032E8D97A</string>
				<key>isa</key>
				<string>PBXBuildFile</string>
			</dict>
			<key>74E9454C8FC77A9032E8D97A</key>
			<dict>
				<key>explicitFileType</key>
				<string>sourcecode.cpp.cpp</string>
				<key>fileEncoding</key>
				<string>30</string>
				<key>isa</key>
				<string>PBXFileReference</string>
				<key>name</key>
				<string>b2CircleShape.cpp</string>
				<key>path</key>
				<string>../../addons/ofxBox2d/libs/Box2D/Collision/Shapes/b2CircleShape.cpp</string>
				<key>sourceTree</key>
				<string>SOURCE_ROOT</string>
			</dict>
			<key>12FEEE15A5604245028BE5CB</key>
			<dict>
				<key>fileRef</key>
				<string>04EC0477DDE1A4B1F0573329</string>
				<key>isa</key>
				<string>PBXBuildFile</string>
			</dict>
			<key>04EC0477DDE1A4B1F0573329</key>
			<dict>
				<key>explicitFileType</key>
				<string>sourcecode.cpp.cpp</string>
				<key>fileEncoding</key>
				<string>30</string>
				<key>isa</key>
				<string>PBXFileReference</string>
				<key>name</key>
				<string>b2EdgeShape.cpp</string>
				<key>path</key>
				<string>../../addons/ofxBox2d/libs/Box2D/Collision/Shapes/b2EdgeShape.cpp</string>
				<key>sourceTree</key>
				<string>SOURCE_ROOT</string>
			</dict>
			<key>43E2A9F807A297444D738807</key>
			<dict>
				<key>explicitFileType</key>
				<string>sourcecode.c.h</string>
				<key>fileEncoding</key>
				<string>30</string>
				<key>isa</key>
				<string>PBXFileReference</string>
				<key>name</key>
				<string>b2ChainShape.h</string>
				<key>path</key>
				<string>../../addons/ofxBox2d/libs/Box2D/Collision/Shapes/b2ChainShape.h</string>
				<key>sourceTree</key>
				<string>SOURCE_ROOT</string>
			</dict>
			<key>362ED18F0D77943B646F933E</key>
			<dict>
				<key>explicitFileType</key>
				<string>sourcecode.c.h</string>
				<key>fileEncoding</key>
				<string>30</string>
				<key>isa</key>
				<string>PBXFileReference</string>
				<key>name</key>
				<string>b2Shape.h</string>
				<key>path</key>
				<string>../../addons/ofxBox2d/libs/Box2D/Collision/Shapes/b2Shape.h</string>
				<key>sourceTree</key>
				<string>SOURCE_ROOT</string>
			</dict>
			<key>54E332BC80321CC6407A8036</key>
			<dict>
				<key>explicitFileType</key>
				<string>sourcecode.c.h</string>
				<key>fileEncoding</key>
				<string>30</string>
				<key>isa</key>
				<string>PBXFileReference</string>
				<key>name</key>
				<string>b2PolygonShape.h</string>
				<key>path</key>
				<string>../../addons/ofxBox2d/libs/Box2D/Collision/Shapes/b2PolygonShape.h</string>
				<key>sourceTree</key>
				<string>SOURCE_ROOT</string>
			</dict>
			<key>78C1ACE5912926BACB499BB4</key>
			<dict>
				<key>children</key>
				<array>
					<string>C76E84446367857C36D8C70E</string>
					<string>54E332BC80321CC6407A8036</string>
					<string>362ED18F0D77943B646F933E</string>
					<string>43E2A9F807A297444D738807</string>
					<string>04EC0477DDE1A4B1F0573329</string>
					<string>74E9454C8FC77A9032E8D97A</string>
					<string>3BF6E16D70606182A03272F9</string>
					<string>99EECB587027A050AB1BAD9D</string>
					<string>E572A8E7278A3E1D3FB75F50</string>
				</array>
				<key>isa</key>
				<string>PBXGroup</string>
				<key>name</key>
				<string>Shapes</string>
				<key>sourceTree</key>
				<string>&lt;group&gt;</string>
			</dict>
			<key>9C87231E4DD998FFE70D81B5</key>
			<dict>
				<key>fileRef</key>
				<string>C76E84446367857C36D8C70E</string>
				<key>isa</key>
				<string>PBXBuildFile</string>
			</dict>
			<key>C76E84446367857C36D8C70E</key>
			<dict>
				<key>explicitFileType</key>
				<string>sourcecode.cpp.cpp</string>
				<key>fileEncoding</key>
				<string>30</string>
				<key>isa</key>
				<string>PBXFileReference</string>
				<key>name</key>
				<string>b2ChainShape.cpp</string>
				<key>path</key>
				<string>../../addons/ofxBox2d/libs/Box2D/Collision/Shapes/b2ChainShape.cpp</string>
				<key>sourceTree</key>
				<string>SOURCE_ROOT</string>
			</dict>
			<key>2488D47328946A14A858A905</key>
			<dict>
				<key>explicitFileType</key>
				<string>sourcecode.c.h</string>
				<key>fileEncoding</key>
				<string>30</string>
				<key>isa</key>
				<string>PBXFileReference</string>
				<key>name</key>
				<string>b2DynamicTree.h</string>
				<key>path</key>
				<string>../../addons/ofxBox2d/libs/Box2D/Collision/b2DynamicTree.h</string>
				<key>sourceTree</key>
				<string>SOURCE_ROOT</string>
			</dict>
			<key>ECECE460BE9D110E58B8677B</key>
			<dict>
				<key>fileRef</key>
				<string>8BC202955CA3312B749D19DF</string>
				<key>isa</key>
				<string>PBXBuildFile</string>
			</dict>
			<key>8BC202955CA3312B749D19DF</key>
			<dict>
				<key>explicitFileType</key>
				<string>sourcecode.cpp.cpp</string>
				<key>fileEncoding</key>
				<string>30</string>
				<key>isa</key>
				<string>PBXFileReference</string>
				<key>name</key>
				<string>b2DynamicTree.cpp</string>
				<key>path</key>
				<string>../../addons/ofxBox2d/libs/Box2D/Collision/b2DynamicTree.cpp</string>
				<key>sourceTree</key>
				<string>SOURCE_ROOT</string>
			</dict>
			<key>88DFA08836DA1364FA000E40</key>
			<dict>
				<key>fileRef</key>
				<string>6F878182FA57E30907155F2E</string>
				<key>isa</key>
				<string>PBXBuildFile</string>
			</dict>
			<key>6F878182FA57E30907155F2E</key>
			<dict>
				<key>explicitFileType</key>
				<string>sourcecode.cpp.cpp</string>
				<key>fileEncoding</key>
				<string>30</string>
				<key>isa</key>
				<string>PBXFileReference</string>
				<key>name</key>
				<string>b2CollidePolygon.cpp</string>
				<key>path</key>
				<string>../../addons/ofxBox2d/libs/Box2D/Collision/b2CollidePolygon.cpp</string>
				<key>sourceTree</key>
				<string>SOURCE_ROOT</string>
			</dict>
			<key>918C68364B7A9CB932C78130</key>
			<dict>
				<key>fileRef</key>
				<string>42E49A5EF0195996EA107FA4</string>
				<key>isa</key>
				<string>PBXBuildFile</string>
			</dict>
			<key>42E49A5EF0195996EA107FA4</key>
			<dict>
				<key>explicitFileType</key>
				<string>sourcecode.cpp.cpp</string>
				<key>fileEncoding</key>
				<string>30</string>
				<key>isa</key>
				<string>PBXFileReference</string>
				<key>name</key>
				<string>b2CollideCircle.cpp</string>
				<key>path</key>
				<string>../../addons/ofxBox2d/libs/Box2D/Collision/b2CollideCircle.cpp</string>
				<key>sourceTree</key>
				<string>SOURCE_ROOT</string>
			</dict>
			<key>3E72B8615283284E303B15CD</key>
			<dict>
				<key>fileRef</key>
				<string>58EC083BAFF1A6B3074C19E5</string>
				<key>isa</key>
				<string>PBXBuildFile</string>
			</dict>
			<key>58EC083BAFF1A6B3074C19E5</key>
			<dict>
				<key>explicitFileType</key>
				<string>sourcecode.cpp.cpp</string>
				<key>fileEncoding</key>
				<string>30</string>
				<key>isa</key>
				<string>PBXFileReference</string>
				<key>name</key>
				<string>b2Distance.cpp</string>
				<key>path</key>
				<string>../../addons/ofxBox2d/libs/Box2D/Collision/b2Distance.cpp</string>
				<key>sourceTree</key>
				<string>SOURCE_ROOT</string>
			</dict>
			<key>5F73569ECAB65FF89185C254</key>
			<dict>
				<key>children</key>
				<array>
					<string>2D4D62FBB9B6F192F85679A4</string>
					<string>58EC083BAFF1A6B3074C19E5</string>
					<string>42E49A5EF0195996EA107FA4</string>
					<string>6F878182FA57E30907155F2E</string>
					<string>8BC202955CA3312B749D19DF</string>
					<string>2488D47328946A14A858A905</string>
					<string>78C1ACE5912926BACB499BB4</string>
					<string>DDEEE3337C4544EC10281524</string>
					<string>3DD1DD10CC705C1D70B007AB</string>
					<string>7AEB79D40D369E6CB338226E</string>
					<string>946647B77BF315334A3F0A49</string>
					<string>C5AE8CA283C9E47BF6EF220C</string>
					<string>6491B3505773A950FD8FCC10</string>
					<string>4146A66398F9A39F010D02B8</string>
				</array>
				<key>isa</key>
				<string>PBXGroup</string>
				<key>name</key>
				<string>Collision</string>
				<key>sourceTree</key>
				<string>&lt;group&gt;</string>
			</dict>
			<key>2D4D62FBB9B6F192F85679A4</key>
			<dict>
				<key>explicitFileType</key>
				<string>sourcecode.c.h</string>
				<key>fileEncoding</key>
				<string>30</string>
				<key>isa</key>
				<string>PBXFileReference</string>
				<key>name</key>
				<string>b2Collision.h</string>
				<key>path</key>
				<string>../../addons/ofxBox2d/libs/Box2D/Collision/b2Collision.h</string>
				<key>sourceTree</key>
				<string>SOURCE_ROOT</string>
			</dict>
			<key>9C5A049E5E6CF63019FB52EC</key>
			<dict>
				<key>explicitFileType</key>
				<string>sourcecode.c.h</string>
				<key>fileEncoding</key>
				<string>30</string>
				<key>isa</key>
				<string>PBXFileReference</string>
				<key>name</key>
				<string>b2Settings.h</string>
				<key>path</key>
				<string>../../addons/ofxBox2d/libs/Box2D/Common/b2Settings.h</string>
				<key>sourceTree</key>
				<string>SOURCE_ROOT</string>
			</dict>
			<key>92D8B38C434B6CED98F1AB75</key>
			<dict>
				<key>explicitFileType</key>
				<string>sourcecode.c.h</string>
				<key>fileEncoding</key>
				<string>30</string>
				<key>isa</key>
				<string>PBXFileReference</string>
				<key>name</key>
				<string>b2Draw.h</string>
				<key>path</key>
				<string>../../addons/ofxBox2d/libs/Box2D/Common/b2Draw.h</string>
				<key>sourceTree</key>
				<string>SOURCE_ROOT</string>
			</dict>
			<key>D0AB9E0445A76474987E13BC</key>
			<dict>
				<key>fileRef</key>
				<string>2B277201A668474D509FF4CA</string>
				<key>isa</key>
				<string>PBXBuildFile</string>
			</dict>
			<key>2B277201A668474D509FF4CA</key>
			<dict>
				<key>explicitFileType</key>
				<string>sourcecode.cpp.cpp</string>
				<key>fileEncoding</key>
				<string>30</string>
				<key>isa</key>
				<string>PBXFileReference</string>
				<key>name</key>
				<string>b2Math.cpp</string>
				<key>path</key>
				<string>../../addons/ofxBox2d/libs/Box2D/Common/b2Math.cpp</string>
				<key>sourceTree</key>
				<string>SOURCE_ROOT</string>
			</dict>
			<key>4AE3A3F72FDDC5E8561A4EB7</key>
			<dict>
				<key>fileRef</key>
				<string>3EF9AAB2C3486B48B57D3511</string>
				<key>isa</key>
				<string>PBXBuildFile</string>
			</dict>
			<key>3EF9AAB2C3486B48B57D3511</key>
			<dict>
				<key>explicitFileType</key>
				<string>sourcecode.cpp.cpp</string>
				<key>fileEncoding</key>
				<string>30</string>
				<key>isa</key>
				<string>PBXFileReference</string>
				<key>name</key>
				<string>b2StackAllocator.cpp</string>
				<key>path</key>
				<string>../../addons/ofxBox2d/libs/Box2D/Common/b2StackAllocator.cpp</string>
				<key>sourceTree</key>
				<string>SOURCE_ROOT</string>
			</dict>
			<key>A28DF076B44956B62A9BACC1</key>
			<dict>
				<key>explicitFileType</key>
				<string>sourcecode.c.h</string>
				<key>fileEncoding</key>
				<string>30</string>
				<key>isa</key>
				<string>PBXFileReference</string>
				<key>name</key>
				<string>b2Math.h</string>
				<key>path</key>
				<string>../../addons/ofxBox2d/libs/Box2D/Common/b2Math.h</string>
				<key>sourceTree</key>
				<string>SOURCE_ROOT</string>
			</dict>
			<key>5613D9F7523F3AF8F1D0F63D</key>
			<dict>
				<key>fileRef</key>
				<string>B541A2D1CF805FF00732F6BC</string>
				<key>isa</key>
				<string>PBXBuildFile</string>
			</dict>
			<key>B541A2D1CF805FF00732F6BC</key>
			<dict>
				<key>explicitFileType</key>
				<string>sourcecode.cpp.cpp</string>
				<key>fileEncoding</key>
				<string>30</string>
				<key>isa</key>
				<string>PBXFileReference</string>
				<key>name</key>
				<string>b2Timer.cpp</string>
				<key>path</key>
				<string>../../addons/ofxBox2d/libs/Box2D/Common/b2Timer.cpp</string>
				<key>sourceTree</key>
				<string>SOURCE_ROOT</string>
			</dict>
			<key>F3C0D00C4F5074D880097825</key>
			<dict>
				<key>explicitFileType</key>
				<string>sourcecode.c.h</string>
				<key>fileEncoding</key>
				<string>30</string>
				<key>isa</key>
				<string>PBXFileReference</string>
				<key>name</key>
				<string>b2Timer.h</string>
				<key>path</key>
				<string>../../addons/ofxBox2d/libs/Box2D/Common/b2Timer.h</string>
				<key>sourceTree</key>
				<string>SOURCE_ROOT</string>
			</dict>
			<key>1695CA2A626C4DF8C63F0F3D</key>
			<dict>
				<key>fileRef</key>
				<string>ADCACEF48A9FECBC31501DAA</string>
				<key>isa</key>
				<string>PBXBuildFile</string>
			</dict>
			<key>ADCACEF48A9FECBC31501DAA</key>
			<dict>
				<key>explicitFileType</key>
				<string>sourcecode.cpp.cpp</string>
				<key>fileEncoding</key>
				<string>30</string>
				<key>isa</key>
				<string>PBXFileReference</string>
				<key>name</key>
				<string>b2Settings.cpp</string>
				<key>path</key>
				<string>../../addons/ofxBox2d/libs/Box2D/Common/b2Settings.cpp</string>
				<key>sourceTree</key>
				<string>SOURCE_ROOT</string>
			</dict>
			<key>3A84EF48A9562E81082E0EB3</key>
			<dict>
				<key>explicitFileType</key>
				<string>sourcecode.c.h</string>
				<key>fileEncoding</key>
				<string>30</string>
				<key>isa</key>
				<string>PBXFileReference</string>
				<key>name</key>
				<string>b2BlockAllocator.h</string>
				<key>path</key>
				<string>../../addons/ofxBox2d/libs/Box2D/Common/b2BlockAllocator.h</string>
				<key>sourceTree</key>
				<string>SOURCE_ROOT</string>
			</dict>
			<key>6153231FBD2AA19E0838851E</key>
			<dict>
				<key>fileRef</key>
				<string>904C1581A43D58AEBF55846D</string>
				<key>isa</key>
				<string>PBXBuildFile</string>
			</dict>
			<key>904C1581A43D58AEBF55846D</key>
			<dict>
				<key>explicitFileType</key>
				<string>sourcecode.cpp.cpp</string>
				<key>fileEncoding</key>
				<string>30</string>
				<key>isa</key>
				<string>PBXFileReference</string>
				<key>name</key>
				<string>b2BlockAllocator.cpp</string>
				<key>path</key>
				<string>../../addons/ofxBox2d/libs/Box2D/Common/b2BlockAllocator.cpp</string>
				<key>sourceTree</key>
				<string>SOURCE_ROOT</string>
			</dict>
			<key>B4791FF66E7970DFDF386E02</key>
			<dict>
				<key>explicitFileType</key>
				<string>sourcecode.c.h</string>
				<key>fileEncoding</key>
				<string>30</string>
				<key>isa</key>
				<string>PBXFileReference</string>
				<key>name</key>
				<string>b2GrowableStack.h</string>
				<key>path</key>
				<string>../../addons/ofxBox2d/libs/Box2D/Common/b2GrowableStack.h</string>
				<key>sourceTree</key>
				<string>SOURCE_ROOT</string>
			</dict>
			<key>34CEC413216084FB9723C8C8</key>
			<dict>
				<key>fileRef</key>
				<string>6A94FC726FFAC14733DE0F72</string>
				<key>isa</key>
				<string>PBXBuildFile</string>
			</dict>
			<key>6A94FC726FFAC14733DE0F72</key>
			<dict>
				<key>explicitFileType</key>
				<string>sourcecode.cpp.cpp</string>
				<key>fileEncoding</key>
				<string>30</string>
				<key>isa</key>
				<string>PBXFileReference</string>
				<key>name</key>
				<string>b2Draw.cpp</string>
				<key>path</key>
				<string>../../addons/ofxBox2d/libs/Box2D/Common/b2Draw.cpp</string>
				<key>sourceTree</key>
				<string>SOURCE_ROOT</string>
			</dict>
			<key>E964BC1AC23EBD6ADA41DA1A</key>
			<dict>
				<key>children</key>
				<array>
					<string>7368A6183FE420B2517980DC</string>
					<string>6A94FC726FFAC14733DE0F72</string>
					<string>B4791FF66E7970DFDF386E02</string>
					<string>904C1581A43D58AEBF55846D</string>
					<string>3A84EF48A9562E81082E0EB3</string>
					<string>ADCACEF48A9FECBC31501DAA</string>
					<string>F3C0D00C4F5074D880097825</string>
					<string>B541A2D1CF805FF00732F6BC</string>
					<string>A28DF076B44956B62A9BACC1</string>
					<string>3EF9AAB2C3486B48B57D3511</string>
					<string>2B277201A668474D509FF4CA</string>
					<string>92D8B38C434B6CED98F1AB75</string>
					<string>9C5A049E5E6CF63019FB52EC</string>
				</array>
				<key>isa</key>
				<string>PBXGroup</string>
				<key>name</key>
				<string>Common</string>
				<key>sourceTree</key>
				<string>&lt;group&gt;</string>
			</dict>
			<key>7368A6183FE420B2517980DC</key>
			<dict>
				<key>explicitFileType</key>
				<string>sourcecode.c.h</string>
				<key>fileEncoding</key>
				<string>30</string>
				<key>isa</key>
				<string>PBXFileReference</string>
				<key>name</key>
				<string>b2StackAllocator.h</string>
				<key>path</key>
				<string>../../addons/ofxBox2d/libs/Box2D/Common/b2StackAllocator.h</string>
				<key>sourceTree</key>
				<string>SOURCE_ROOT</string>
			</dict>
			<key>3716C1D7BA1A510200C877FE</key>
			<dict>
				<key>fileRef</key>
				<string>17911D21662AE126D1A6DB4E</string>
				<key>isa</key>
				<string>PBXBuildFile</string>
			</dict>
			<key>17911D21662AE126D1A6DB4E</key>
			<dict>
				<key>explicitFileType</key>
				<string>sourcecode.cpp.cpp</string>
				<key>fileEncoding</key>
				<string>30</string>
				<key>isa</key>
				<string>PBXFileReference</string>
				<key>name</key>
				<string>b2Rope.cpp</string>
				<key>path</key>
				<string>../../addons/ofxBox2d/libs/Box2D/Rope/b2Rope.cpp</string>
				<key>sourceTree</key>
				<string>SOURCE_ROOT</string>
			</dict>
			<key>D9D8B44B877AA16A3E94A02D</key>
			<dict>
				<key>children</key>
				<array>
					<string>C95C8EFDC364692A0DEC9BBD</string>
					<string>17911D21662AE126D1A6DB4E</string>
				</array>
				<key>isa</key>
				<string>PBXGroup</string>
				<key>name</key>
				<string>Rope</string>
				<key>sourceTree</key>
				<string>&lt;group&gt;</string>
			</dict>
			<key>C95C8EFDC364692A0DEC9BBD</key>
			<dict>
				<key>explicitFileType</key>
				<string>sourcecode.c.h</string>
				<key>fileEncoding</key>
				<string>30</string>
				<key>isa</key>
				<string>PBXFileReference</string>
				<key>name</key>
				<string>b2Rope.h</string>
				<key>path</key>
				<string>../../addons/ofxBox2d/libs/Box2D/Rope/b2Rope.h</string>
				<key>sourceTree</key>
				<string>SOURCE_ROOT</string>
			</dict>
			<key>AD781D2475B8DEB601390FC7</key>
			<dict>
				<key>explicitFileType</key>
				<string>sourcecode.c.h</string>
				<key>fileEncoding</key>
				<string>30</string>
				<key>isa</key>
				<string>PBXFileReference</string>
				<key>name</key>
				<string>Box2D.h</string>
				<key>path</key>
				<string>../../addons/ofxBox2d/libs/Box2D/Box2D.h</string>
				<key>sourceTree</key>
				<string>SOURCE_ROOT</string>
			</dict>
			<key>28DCC7AEBF1C96132E74F8A8</key>
			<dict>
				<key>fileRef</key>
				<string>002AD931BBF24BE848B68B50</string>
				<key>isa</key>
				<string>PBXBuildFile</string>
			</dict>
			<key>002AD931BBF24BE848B68B50</key>
			<dict>
				<key>explicitFileType</key>
				<string>sourcecode.cpp.cpp</string>
				<key>fileEncoding</key>
				<string>30</string>
				<key>isa</key>
				<string>PBXFileReference</string>
				<key>name</key>
				<string>b2ContactManager.cpp</string>
				<key>path</key>
				<string>../../addons/ofxBox2d/libs/Box2D/Dynamics/b2ContactManager.cpp</string>
				<key>sourceTree</key>
				<string>SOURCE_ROOT</string>
			</dict>
			<key>A63CD76CD627262EE8F85C3D</key>
			<dict>
				<key>explicitFileType</key>
				<string>sourcecode.c.h</string>
				<key>fileEncoding</key>
				<string>30</string>
				<key>isa</key>
				<string>PBXFileReference</string>
				<key>name</key>
				<string>b2Island.h</string>
				<key>path</key>
				<string>../../addons/ofxBox2d/libs/Box2D/Dynamics/b2Island.h</string>
				<key>sourceTree</key>
				<string>SOURCE_ROOT</string>
			</dict>
			<key>0E5DACAC898E377FBC3B32BD</key>
			<dict>
				<key>explicitFileType</key>
				<string>sourcecode.c.h</string>
				<key>fileEncoding</key>
				<string>30</string>
				<key>isa</key>
				<string>PBXFileReference</string>
				<key>name</key>
				<string>b2ContactManager.h</string>
				<key>path</key>
				<string>../../addons/ofxBox2d/libs/Box2D/Dynamics/b2ContactManager.h</string>
				<key>sourceTree</key>
				<string>SOURCE_ROOT</string>
			</dict>
			<key>90DAC2A35D75ECAF1E87E979</key>
			<dict>
				<key>explicitFileType</key>
				<string>sourcecode.c.h</string>
				<key>fileEncoding</key>
				<string>30</string>
				<key>isa</key>
				<string>PBXFileReference</string>
				<key>name</key>
				<string>b2WorldCallbacks.h</string>
				<key>path</key>
				<string>../../addons/ofxBox2d/libs/Box2D/Dynamics/b2WorldCallbacks.h</string>
				<key>sourceTree</key>
				<string>SOURCE_ROOT</string>
			</dict>
			<key>39EBE1EB52E8CAEA144E067B</key>
			<dict>
				<key>explicitFileType</key>
				<string>sourcecode.c.h</string>
				<key>fileEncoding</key>
				<string>30</string>
				<key>isa</key>
				<string>PBXFileReference</string>
				<key>name</key>
				<string>b2TimeStep.h</string>
				<key>path</key>
				<string>../../addons/ofxBox2d/libs/Box2D/Dynamics/b2TimeStep.h</string>
				<key>sourceTree</key>
				<string>SOURCE_ROOT</string>
			</dict>
			<key>84BBECBF17CFF7D2240E0440</key>
			<dict>
				<key>explicitFileType</key>
				<string>sourcecode.c.h</string>
				<key>fileEncoding</key>
				<string>30</string>
				<key>isa</key>
				<string>PBXFileReference</string>
				<key>name</key>
				<string>b2Fixture.h</string>
				<key>path</key>
				<string>../../addons/ofxBox2d/libs/Box2D/Dynamics/b2Fixture.h</string>
				<key>sourceTree</key>
				<string>SOURCE_ROOT</string>
			</dict>
			<key>F6BB56B6F63A116B345B377F</key>
			<dict>
				<key>fileRef</key>
				<string>404A4F285B7AA35FC4B7D423</string>
				<key>isa</key>
				<string>PBXBuildFile</string>
			</dict>
			<key>404A4F285B7AA35FC4B7D423</key>
			<dict>
				<key>explicitFileType</key>
				<string>sourcecode.cpp.cpp</string>
				<key>fileEncoding</key>
				<string>30</string>
				<key>isa</key>
				<string>PBXFileReference</string>
				<key>name</key>
				<string>b2Island.cpp</string>
				<key>path</key>
				<string>../../addons/ofxBox2d/libs/Box2D/Dynamics/b2Island.cpp</string>
				<key>sourceTree</key>
				<string>SOURCE_ROOT</string>
			</dict>
			<key>84BB7E3528C462CB589AB7A1</key>
			<dict>
				<key>explicitFileType</key>
				<string>sourcecode.c.h</string>
				<key>fileEncoding</key>
				<string>30</string>
				<key>isa</key>
				<string>PBXFileReference</string>
				<key>name</key>
				<string>b2Body.h</string>
				<key>path</key>
				<string>../../addons/ofxBox2d/libs/Box2D/Dynamics/b2Body.h</string>
				<key>sourceTree</key>
				<string>SOURCE_ROOT</string>
			</dict>
			<key>4498427F044C11BECED959FC</key>
			<dict>
				<key>explicitFileType</key>
				<string>sourcecode.c.h</string>
				<key>fileEncoding</key>
				<string>30</string>
				<key>isa</key>
				<string>PBXFileReference</string>
				<key>name</key>
				<string>b2MotorJoint.h</string>
				<key>path</key>
				<string>../../addons/ofxBox2d/libs/Box2D/Dynamics/Joints/b2MotorJoint.h</string>
				<key>sourceTree</key>
				<string>SOURCE_ROOT</string>
			</dict>
			<key>5B998F5FDBD529DC0D084194</key>
			<dict>
				<key>fileRef</key>
				<string>61E7DFAC9A82F9B64F4DBD99</string>
				<key>isa</key>
				<string>PBXBuildFile</string>
			</dict>
			<key>61E7DFAC9A82F9B64F4DBD99</key>
			<dict>
				<key>explicitFileType</key>
				<string>sourcecode.cpp.cpp</string>
				<key>fileEncoding</key>
				<string>30</string>
				<key>isa</key>
				<string>PBXFileReference</string>
				<key>name</key>
				<string>b2RopeJoint.cpp</string>
				<key>path</key>
				<string>../../addons/ofxBox2d/libs/Box2D/Dynamics/Joints/b2RopeJoint.cpp</string>
				<key>sourceTree</key>
				<string>SOURCE_ROOT</string>
			</dict>
			<key>FE8E8A0B458597EF030E4239</key>
			<dict>
				<key>explicitFileType</key>
				<string>sourcecode.c.h</string>
				<key>fileEncoding</key>
				<string>30</string>
				<key>isa</key>
				<string>PBXFileReference</string>
				<key>name</key>
				<string>b2WheelJoint.h</string>
				<key>path</key>
				<string>../../addons/ofxBox2d/libs/Box2D/Dynamics/Joints/b2WheelJoint.h</string>
				<key>sourceTree</key>
				<string>SOURCE_ROOT</string>
			</dict>
			<key>AD787C6505E469258989418D</key>
			<dict>
				<key>fileRef</key>
				<string>A71DD8AAEB0F83F9C2C1A10D</string>
				<key>isa</key>
				<string>PBXBuildFile</string>
			</dict>
			<key>A71DD8AAEB0F83F9C2C1A10D</key>
			<dict>
				<key>explicitFileType</key>
				<string>sourcecode.cpp.cpp</string>
				<key>fileEncoding</key>
				<string>30</string>
				<key>isa</key>
				<string>PBXFileReference</string>
				<key>name</key>
				<string>b2PulleyJoint.cpp</string>
				<key>path</key>
				<string>../../addons/ofxBox2d/libs/Box2D/Dynamics/Joints/b2PulleyJoint.cpp</string>
				<key>sourceTree</key>
				<string>SOURCE_ROOT</string>
			</dict>
			<key>4861A6152E3D9ED5D84CCCF3</key>
			<dict>
				<key>fileRef</key>
				<string>80E3484C01D80934F1E9363C</string>
				<key>isa</key>
				<string>PBXBuildFile</string>
			</dict>
			<key>80E3484C01D80934F1E9363C</key>
			<dict>
				<key>explicitFileType</key>
				<string>sourcecode.cpp.cpp</string>
				<key>fileEncoding</key>
				<string>30</string>
				<key>isa</key>
				<string>PBXFileReference</string>
				<key>name</key>
				<string>b2PrismaticJoint.cpp</string>
				<key>path</key>
				<string>../../addons/ofxBox2d/libs/Box2D/Dynamics/Joints/b2PrismaticJoint.cpp</string>
				<key>sourceTree</key>
				<string>SOURCE_ROOT</string>
			</dict>
			<key>1B0A6B506A2B8E44AE9B0484</key>
			<dict>
				<key>fileRef</key>
				<string>14A4E29E3D2DB8F9D5B0B63C</string>
				<key>isa</key>
				<string>PBXBuildFile</string>
			</dict>
			<key>14A4E29E3D2DB8F9D5B0B63C</key>
			<dict>
				<key>explicitFileType</key>
				<string>sourcecode.cpp.cpp</string>
				<key>fileEncoding</key>
				<string>30</string>
				<key>isa</key>
				<string>PBXFileReference</string>
				<key>name</key>
				<string>b2Joint.cpp</string>
				<key>path</key>
				<string>../../addons/ofxBox2d/libs/Box2D/Dynamics/Joints/b2Joint.cpp</string>
				<key>sourceTree</key>
				<string>SOURCE_ROOT</string>
			</dict>
			<key>789132D06D3F1D012E38597D</key>
			<dict>
				<key>fileRef</key>
				<string>F7CA933CEFE7AAF62F3CB145</string>
				<key>isa</key>
				<string>PBXBuildFile</string>
			</dict>
			<key>F7CA933CEFE7AAF62F3CB145</key>
			<dict>
				<key>explicitFileType</key>
				<string>sourcecode.cpp.cpp</string>
				<key>fileEncoding</key>
				<string>30</string>
				<key>isa</key>
				<string>PBXFileReference</string>
				<key>name</key>
				<string>b2GearJoint.cpp</string>
				<key>path</key>
				<string>../../addons/ofxBox2d/libs/Box2D/Dynamics/Joints/b2GearJoint.cpp</string>
				<key>sourceTree</key>
				<string>SOURCE_ROOT</string>
			</dict>
			<key>FDFD28F5E1382DBBF747E6B3</key>
			<dict>
				<key>explicitFileType</key>
				<string>sourcecode.c.h</string>
				<key>fileEncoding</key>
				<string>30</string>
				<key>isa</key>
				<string>PBXFileReference</string>
				<key>name</key>
				<string>b2FrictionJoint.h</string>
				<key>path</key>
				<string>../../addons/ofxBox2d/libs/Box2D/Dynamics/Joints/b2FrictionJoint.h</string>
				<key>sourceTree</key>
				<string>SOURCE_ROOT</string>
			</dict>
			<key>115223B1B2BC5009308C0311</key>
			<dict>
				<key>fileRef</key>
				<string>D9D13F5BA3F15024487E46AE</string>
				<key>isa</key>
				<string>PBXBuildFile</string>
			</dict>
			<key>D9D13F5BA3F15024487E46AE</key>
			<dict>
				<key>explicitFileType</key>
				<string>sourcecode.cpp.cpp</string>
				<key>fileEncoding</key>
				<string>30</string>
				<key>isa</key>
				<string>PBXFileReference</string>
				<key>name</key>
				<string>b2RevoluteJoint.cpp</string>
				<key>path</key>
				<string>../../addons/ofxBox2d/libs/Box2D/Dynamics/Joints/b2RevoluteJoint.cpp</string>
				<key>sourceTree</key>
				<string>SOURCE_ROOT</string>
			</dict>
			<key>E6CBBB9CC1489A99FE47DCF3</key>
			<dict>
				<key>explicitFileType</key>
				<string>sourcecode.c.h</string>
				<key>fileEncoding</key>
				<string>30</string>
				<key>isa</key>
				<string>PBXFileReference</string>
				<key>name</key>
				<string>b2RevoluteJoint.h</string>
				<key>path</key>
				<string>../../addons/ofxBox2d/libs/Box2D/Dynamics/Joints/b2RevoluteJoint.h</string>
				<key>sourceTree</key>
				<string>SOURCE_ROOT</string>
			</dict>
			<key>E73625B6B795F39FD314744C</key>
			<dict>
				<key>explicitFileType</key>
				<string>sourcecode.c.h</string>
				<key>fileEncoding</key>
				<string>30</string>
				<key>isa</key>
				<string>PBXFileReference</string>
				<key>name</key>
				<string>b2Joint.h</string>
				<key>path</key>
				<string>../../addons/ofxBox2d/libs/Box2D/Dynamics/Joints/b2Joint.h</string>
				<key>sourceTree</key>
				<string>SOURCE_ROOT</string>
			</dict>
			<key>9B756517B17CD792211057F9</key>
			<dict>
				<key>fileRef</key>
				<string>49414618FF6FE481AD4F0D55</string>
				<key>isa</key>
				<string>PBXBuildFile</string>
			</dict>
			<key>49414618FF6FE481AD4F0D55</key>
			<dict>
				<key>explicitFileType</key>
				<string>sourcecode.cpp.cpp</string>
				<key>fileEncoding</key>
				<string>30</string>
				<key>isa</key>
				<string>PBXFileReference</string>
				<key>name</key>
				<string>b2MotorJoint.cpp</string>
				<key>path</key>
				<string>../../addons/ofxBox2d/libs/Box2D/Dynamics/Joints/b2MotorJoint.cpp</string>
				<key>sourceTree</key>
				<string>SOURCE_ROOT</string>
			</dict>
			<key>FDD7B3424504ABA6FCFFAFF2</key>
			<dict>
				<key>fileRef</key>
				<string>823820412473B5A163364E28</string>
				<key>isa</key>
				<string>PBXBuildFile</string>
			</dict>
			<key>823820412473B5A163364E28</key>
			<dict>
				<key>explicitFileType</key>
				<string>sourcecode.cpp.cpp</string>
				<key>fileEncoding</key>
				<string>30</string>
				<key>isa</key>
				<string>PBXFileReference</string>
				<key>name</key>
				<string>b2WheelJoint.cpp</string>
				<key>path</key>
				<string>../../addons/ofxBox2d/libs/Box2D/Dynamics/Joints/b2WheelJoint.cpp</string>
				<key>sourceTree</key>
				<string>SOURCE_ROOT</string>
			</dict>
			<key>B33395A8CB1CC5893E9DAB18</key>
			<dict>
				<key>fileRef</key>
				<string>B30589CA0569C5FB92425F0F</string>
				<key>isa</key>
				<string>PBXBuildFile</string>
			</dict>
			<key>B30589CA0569C5FB92425F0F</key>
			<dict>
				<key>explicitFileType</key>
				<string>sourcecode.cpp.cpp</string>
				<key>fileEncoding</key>
				<string>30</string>
				<key>isa</key>
				<string>PBXFileReference</string>
				<key>name</key>
				<string>b2DistanceJoint.cpp</string>
				<key>path</key>
				<string>../../addons/ofxBox2d/libs/Box2D/Dynamics/Joints/b2DistanceJoint.cpp</string>
				<key>sourceTree</key>
				<string>SOURCE_ROOT</string>
			</dict>
			<key>1E3E39AECA9FA74CF3C97604</key>
			<dict>
				<key>explicitFileType</key>
				<string>sourcecode.c.h</string>
				<key>fileEncoding</key>
				<string>30</string>
				<key>isa</key>
				<string>PBXFileReference</string>
				<key>name</key>
				<string>b2MouseJoint.h</string>
				<key>path</key>
				<string>../../addons/ofxBox2d/libs/Box2D/Dynamics/Joints/b2MouseJoint.h</string>
				<key>sourceTree</key>
				<string>SOURCE_ROOT</string>
			</dict>
			<key>83D91AC0BEB67DCD86307BB6</key>
			<dict>
				<key>explicitFileType</key>
				<string>sourcecode.c.h</string>
				<key>fileEncoding</key>
				<string>30</string>
				<key>isa</key>
				<string>PBXFileReference</string>
				<key>name</key>
				<string>b2DistanceJoint.h</string>
				<key>path</key>
				<string>../../addons/ofxBox2d/libs/Box2D/Dynamics/Joints/b2DistanceJoint.h</string>
				<key>sourceTree</key>
				<string>SOURCE_ROOT</string>
			</dict>
			<key>38A29329799ACFBA6446FD54</key>
			<dict>
				<key>explicitFileType</key>
				<string>sourcecode.c.h</string>
				<key>fileEncoding</key>
				<string>30</string>
				<key>isa</key>
				<string>PBXFileReference</string>
				<key>name</key>
				<string>b2GearJoint.h</string>
				<key>path</key>
				<string>../../addons/ofxBox2d/libs/Box2D/Dynamics/Joints/b2GearJoint.h</string>
				<key>sourceTree</key>
				<string>SOURCE_ROOT</string>
			</dict>
			<key>5DA06969C79519270B4CC77D</key>
			<dict>
				<key>explicitFileType</key>
				<string>sourcecode.c.h</string>
				<key>fileEncoding</key>
				<string>30</string>
				<key>isa</key>
				<string>PBXFileReference</string>
				<key>name</key>
				<string>b2WeldJoint.h</string>
				<key>path</key>
				<string>../../addons/ofxBox2d/libs/Box2D/Dynamics/Joints/b2WeldJoint.h</string>
				<key>sourceTree</key>
				<string>SOURCE_ROOT</string>
			</dict>
			<key>9B4D1CA44CDB4CBEEA6CFD15</key>
			<dict>
				<key>explicitFileType</key>
				<string>sourcecode.c.h</string>
				<key>fileEncoding</key>
				<string>30</string>
				<key>isa</key>
				<string>PBXFileReference</string>
				<key>name</key>
				<string>b2RopeJoint.h</string>
				<key>path</key>
				<string>../../addons/ofxBox2d/libs/Box2D/Dynamics/Joints/b2RopeJoint.h</string>
				<key>sourceTree</key>
				<string>SOURCE_ROOT</string>
			</dict>
			<key>B418DC0A1A7A4C1631938C51</key>
			<dict>
				<key>explicitFileType</key>
				<string>sourcecode.c.h</string>
				<key>fileEncoding</key>
				<string>30</string>
				<key>isa</key>
				<string>PBXFileReference</string>
				<key>name</key>
				<string>b2PulleyJoint.h</string>
				<key>path</key>
				<string>../../addons/ofxBox2d/libs/Box2D/Dynamics/Joints/b2PulleyJoint.h</string>
				<key>sourceTree</key>
				<string>SOURCE_ROOT</string>
			</dict>
			<key>F010E9276048D26D144CC5E4</key>
			<dict>
				<key>explicitFileType</key>
				<string>sourcecode.c.h</string>
				<key>fileEncoding</key>
				<string>30</string>
				<key>isa</key>
				<string>PBXFileReference</string>
				<key>name</key>
				<string>b2PrismaticJoint.h</string>
				<key>path</key>
				<string>../../addons/ofxBox2d/libs/Box2D/Dynamics/Joints/b2PrismaticJoint.h</string>
				<key>sourceTree</key>
				<string>SOURCE_ROOT</string>
			</dict>
			<key>E853DA7C6588DC0D50151809</key>
			<dict>
				<key>fileRef</key>
				<string>10B30B18A08532E8EC86FFA9</string>
				<key>isa</key>
				<string>PBXBuildFile</string>
			</dict>
			<key>10B30B18A08532E8EC86FFA9</key>
			<dict>
				<key>explicitFileType</key>
				<string>sourcecode.cpp.cpp</string>
				<key>fileEncoding</key>
				<string>30</string>
				<key>isa</key>
				<string>PBXFileReference</string>
				<key>name</key>
				<string>b2FrictionJoint.cpp</string>
				<key>path</key>
				<string>../../addons/ofxBox2d/libs/Box2D/Dynamics/Joints/b2FrictionJoint.cpp</string>
				<key>sourceTree</key>
				<string>SOURCE_ROOT</string>
			</dict>
			<key>BCE7F2B1EF5A44CCD5B30B6B</key>
			<dict>
				<key>fileRef</key>
				<string>EC11938A936768C2FD123855</string>
				<key>isa</key>
				<string>PBXBuildFile</string>
			</dict>
			<key>EC11938A936768C2FD123855</key>
			<dict>
				<key>explicitFileType</key>
				<string>sourcecode.cpp.cpp</string>
				<key>fileEncoding</key>
				<string>30</string>
				<key>isa</key>
				<string>PBXFileReference</string>
				<key>name</key>
				<string>b2MouseJoint.cpp</string>
				<key>path</key>
				<string>../../addons/ofxBox2d/libs/Box2D/Dynamics/Joints/b2MouseJoint.cpp</string>
				<key>sourceTree</key>
				<string>SOURCE_ROOT</string>
			</dict>
			<key>81321C92DE6995F7DA246D17</key>
			<dict>
				<key>children</key>
				<array>
					<string>978E0BC027C41DE99F233E21</string>
					<string>EC11938A936768C2FD123855</string>
					<string>10B30B18A08532E8EC86FFA9</string>
					<string>F010E9276048D26D144CC5E4</string>
					<string>B418DC0A1A7A4C1631938C51</string>
					<string>9B4D1CA44CDB4CBEEA6CFD15</string>
					<string>5DA06969C79519270B4CC77D</string>
					<string>38A29329799ACFBA6446FD54</string>
					<string>83D91AC0BEB67DCD86307BB6</string>
					<string>1E3E39AECA9FA74CF3C97604</string>
					<string>B30589CA0569C5FB92425F0F</string>
					<string>823820412473B5A163364E28</string>
					<string>49414618FF6FE481AD4F0D55</string>
					<string>E73625B6B795F39FD314744C</string>
					<string>E6CBBB9CC1489A99FE47DCF3</string>
					<string>D9D13F5BA3F15024487E46AE</string>
					<string>FDFD28F5E1382DBBF747E6B3</string>
					<string>F7CA933CEFE7AAF62F3CB145</string>
					<string>14A4E29E3D2DB8F9D5B0B63C</string>
					<string>80E3484C01D80934F1E9363C</string>
					<string>A71DD8AAEB0F83F9C2C1A10D</string>
					<string>FE8E8A0B458597EF030E4239</string>
					<string>61E7DFAC9A82F9B64F4DBD99</string>
					<string>4498427F044C11BECED959FC</string>
				</array>
				<key>isa</key>
				<string>PBXGroup</string>
				<key>name</key>
				<string>Joints</string>
				<key>sourceTree</key>
				<string>&lt;group&gt;</string>
			</dict>
			<key>F8D8C96925544C4DDFB82BDA</key>
			<dict>
				<key>fileRef</key>
				<string>978E0BC027C41DE99F233E21</string>
				<key>isa</key>
				<string>PBXBuildFile</string>
			</dict>
			<key>978E0BC027C41DE99F233E21</key>
			<dict>
				<key>explicitFileType</key>
				<string>sourcecode.cpp.cpp</string>
				<key>fileEncoding</key>
				<string>30</string>
				<key>isa</key>
				<string>PBXFileReference</string>
				<key>name</key>
				<string>b2WeldJoint.cpp</string>
				<key>path</key>
				<string>../../addons/ofxBox2d/libs/Box2D/Dynamics/Joints/b2WeldJoint.cpp</string>
				<key>sourceTree</key>
				<string>SOURCE_ROOT</string>
			</dict>
			<key>6B3FC90E361AC9E7BAB577BF</key>
			<dict>
				<key>fileRef</key>
				<string>3C0E0B9F5F4EC3CB879AF5D6</string>
				<key>isa</key>
				<string>PBXBuildFile</string>
			</dict>
			<key>3C0E0B9F5F4EC3CB879AF5D6</key>
			<dict>
				<key>explicitFileType</key>
				<string>sourcecode.cpp.cpp</string>
				<key>fileEncoding</key>
				<string>30</string>
				<key>isa</key>
				<string>PBXFileReference</string>
				<key>name</key>
				<string>b2WorldCallbacks.cpp</string>
				<key>path</key>
				<string>../../addons/ofxBox2d/libs/Box2D/Dynamics/b2WorldCallbacks.cpp</string>
				<key>sourceTree</key>
				<string>SOURCE_ROOT</string>
			</dict>
			<key>198C2930DC03302EC254BFAB</key>
			<dict>
				<key>fileRef</key>
				<string>952871EF235E6BF5608A0772</string>
				<key>isa</key>
				<string>PBXBuildFile</string>
			</dict>
			<key>952871EF235E6BF5608A0772</key>
			<dict>
				<key>explicitFileType</key>
				<string>sourcecode.cpp.cpp</string>
				<key>fileEncoding</key>
				<string>30</string>
				<key>isa</key>
				<string>PBXFileReference</string>
				<key>name</key>
				<string>b2Contact.cpp</string>
				<key>path</key>
				<string>../../addons/ofxBox2d/libs/Box2D/Dynamics/Contacts/b2Contact.cpp</string>
				<key>sourceTree</key>
				<string>SOURCE_ROOT</string>
			</dict>
			<key>3502F8F96C46759C836CF148</key>
			<dict>
				<key>fileRef</key>
				<string>51041673447504D37A89E3B2</string>
				<key>isa</key>
				<string>PBXBuildFile</string>
			</dict>
			<key>51041673447504D37A89E3B2</key>
			<dict>
				<key>explicitFileType</key>
				<string>sourcecode.cpp.cpp</string>
				<key>fileEncoding</key>
				<string>30</string>
				<key>isa</key>
				<string>PBXFileReference</string>
				<key>name</key>
				<string>b2EdgeAndCircleContact.cpp</string>
				<key>path</key>
				<string>../../addons/ofxBox2d/libs/Box2D/Dynamics/Contacts/b2EdgeAndCircleContact.cpp</string>
				<key>sourceTree</key>
				<string>SOURCE_ROOT</string>
			</dict>
			<key>552FA1CFD30AC6F4126AE110</key>
			<dict>
				<key>fileRef</key>
				<string>BBA7E01589F6239BF750020F</string>
				<key>isa</key>
				<string>PBXBuildFile</string>
			</dict>
			<key>BBA7E01589F6239BF750020F</key>
			<dict>
				<key>explicitFileType</key>
				<string>sourcecode.cpp.cpp</string>
				<key>fileEncoding</key>
				<string>30</string>
				<key>isa</key>
				<string>PBXFileReference</string>
				<key>name</key>
				<string>b2CircleContact.cpp</string>
				<key>path</key>
				<string>../../addons/ofxBox2d/libs/Box2D/Dynamics/Contacts/b2CircleContact.cpp</string>
				<key>sourceTree</key>
				<string>SOURCE_ROOT</string>
			</dict>
			<key>EEAC363FA1734AEAE21E0053</key>
			<dict>
				<key>fileRef</key>
				<string>587DAE657FE666DD7FD38F57</string>
				<key>isa</key>
				<string>PBXBuildFile</string>
			</dict>
			<key>587DAE657FE666DD7FD38F57</key>
			<dict>
				<key>explicitFileType</key>
				<string>sourcecode.cpp.cpp</string>
				<key>fileEncoding</key>
				<string>30</string>
				<key>isa</key>
				<string>PBXFileReference</string>
				<key>name</key>
				<string>b2ContactSolver.cpp</string>
				<key>path</key>
				<string>../../addons/ofxBox2d/libs/Box2D/Dynamics/Contacts/b2ContactSolver.cpp</string>
				<key>sourceTree</key>
				<string>SOURCE_ROOT</string>
			</dict>
			<key>4395DBE86E08BCAAD943B981</key>
			<dict>
				<key>explicitFileType</key>
				<string>sourcecode.c.h</string>
				<key>fileEncoding</key>
				<string>30</string>
				<key>isa</key>
				<string>PBXFileReference</string>
				<key>name</key>
				<string>b2PolygonContact.h</string>
				<key>path</key>
				<string>../../addons/ofxBox2d/libs/Box2D/Dynamics/Contacts/b2PolygonContact.h</string>
				<key>sourceTree</key>
				<string>SOURCE_ROOT</string>
			</dict>
			<key>0EB37B12D414890FB59A5309</key>
			<dict>
				<key>explicitFileType</key>
				<string>sourcecode.c.h</string>
				<key>fileEncoding</key>
				<string>30</string>
				<key>isa</key>
				<string>PBXFileReference</string>
				<key>name</key>
				<string>b2ChainAndPolygonContact.h</string>
				<key>path</key>
				<string>../../addons/ofxBox2d/libs/Box2D/Dynamics/Contacts/b2ChainAndPolygonContact.h</string>
				<key>sourceTree</key>
				<string>SOURCE_ROOT</string>
			</dict>
			<key>5170A82975E0A938FCA68661</key>
			<dict>
				<key>explicitFileType</key>
				<string>sourcecode.c.h</string>
				<key>fileEncoding</key>
				<string>30</string>
				<key>isa</key>
				<string>PBXFileReference</string>
				<key>name</key>
				<string>b2CircleContact.h</string>
				<key>path</key>
				<string>../../addons/ofxBox2d/libs/Box2D/Dynamics/Contacts/b2CircleContact.h</string>
				<key>sourceTree</key>
				<string>SOURCE_ROOT</string>
			</dict>
			<key>5340884BA7085CA9480FBB76</key>
			<dict>
				<key>fileRef</key>
				<string>344CC0C92FEEA05373BFE40D</string>
				<key>isa</key>
				<string>PBXBuildFile</string>
			</dict>
			<key>344CC0C92FEEA05373BFE40D</key>
			<dict>
				<key>explicitFileType</key>
				<string>sourcecode.cpp.cpp</string>
				<key>fileEncoding</key>
				<string>30</string>
				<key>isa</key>
				<string>PBXFileReference</string>
				<key>name</key>
				<string>b2PolygonContact.cpp</string>
				<key>path</key>
				<string>../../addons/ofxBox2d/libs/Box2D/Dynamics/Contacts/b2PolygonContact.cpp</string>
				<key>sourceTree</key>
				<string>SOURCE_ROOT</string>
			</dict>
			<key>EB20D11C76A68244F53E54D2</key>
			<dict>
				<key>explicitFileType</key>
				<string>sourcecode.c.h</string>
				<key>fileEncoding</key>
				<string>30</string>
				<key>isa</key>
				<string>PBXFileReference</string>
				<key>name</key>
				<string>b2Contact.h</string>
				<key>path</key>
				<string>../../addons/ofxBox2d/libs/Box2D/Dynamics/Contacts/b2Contact.h</string>
				<key>sourceTree</key>
				<string>SOURCE_ROOT</string>
			</dict>
			<key>B0E72B2FB1CAF4670A8FD2DC</key>
			<dict>
				<key>fileRef</key>
				<string>3B268A80BBAB6DBF773940D5</string>
				<key>isa</key>
				<string>PBXBuildFile</string>
			</dict>
			<key>3B268A80BBAB6DBF773940D5</key>
			<dict>
				<key>explicitFileType</key>
				<string>sourcecode.cpp.cpp</string>
				<key>fileEncoding</key>
				<string>30</string>
				<key>isa</key>
				<string>PBXFileReference</string>
				<key>name</key>
				<string>b2PolygonAndCircleContact.cpp</string>
				<key>path</key>
				<string>../../addons/ofxBox2d/libs/Box2D/Dynamics/Contacts/b2PolygonAndCircleContact.cpp</string>
				<key>sourceTree</key>
				<string>SOURCE_ROOT</string>
			</dict>
			<key>0701AA5BA4599E4EDFC9E2CD</key>
			<dict>
				<key>fileRef</key>
				<string>73896B1E073C4A8061218C42</string>
				<key>isa</key>
				<string>PBXBuildFile</string>
			</dict>
			<key>73896B1E073C4A8061218C42</key>
			<dict>
				<key>explicitFileType</key>
				<string>sourcecode.cpp.cpp</string>
				<key>fileEncoding</key>
				<string>30</string>
				<key>isa</key>
				<string>PBXFileReference</string>
				<key>name</key>
				<string>b2ChainAndCircleContact.cpp</string>
				<key>path</key>
				<string>../../addons/ofxBox2d/libs/Box2D/Dynamics/Contacts/b2ChainAndCircleContact.cpp</string>
				<key>sourceTree</key>
				<string>SOURCE_ROOT</string>
			</dict>
			<key>422CCB5A6D4CC77AF7479419</key>
			<dict>
				<key>fileRef</key>
				<string>78595F839376E85DCBEA9EBD</string>
				<key>isa</key>
				<string>PBXBuildFile</string>
			</dict>
			<key>78595F839376E85DCBEA9EBD</key>
			<dict>
				<key>explicitFileType</key>
				<string>sourcecode.cpp.cpp</string>
				<key>fileEncoding</key>
				<string>30</string>
				<key>isa</key>
				<string>PBXFileReference</string>
				<key>name</key>
				<string>b2EdgeAndPolygonContact.cpp</string>
				<key>path</key>
				<string>../../addons/ofxBox2d/libs/Box2D/Dynamics/Contacts/b2EdgeAndPolygonContact.cpp</string>
				<key>sourceTree</key>
				<string>SOURCE_ROOT</string>
			</dict>
			<key>DEFE78E95ACE68853243FF28</key>
			<dict>
				<key>explicitFileType</key>
				<string>sourcecode.c.h</string>
				<key>fileEncoding</key>
				<string>30</string>
				<key>isa</key>
				<string>PBXFileReference</string>
				<key>name</key>
				<string>b2EdgeAndPolygonContact.h</string>
				<key>path</key>
				<string>../../addons/ofxBox2d/libs/Box2D/Dynamics/Contacts/b2EdgeAndPolygonContact.h</string>
				<key>sourceTree</key>
				<string>SOURCE_ROOT</string>
			</dict>
			<key>B6B1015A35954FA20B50AFB2</key>
			<dict>
				<key>fileRef</key>
				<string>5BBDC380185BD9E0A8B14A7C</string>
				<key>isa</key>
				<string>PBXBuildFile</string>
			</dict>
			<key>5BBDC380185BD9E0A8B14A7C</key>
			<dict>
				<key>explicitFileType</key>
				<string>sourcecode.cpp.cpp</string>
				<key>fileEncoding</key>
				<string>30</string>
				<key>isa</key>
				<string>PBXFileReference</string>
				<key>name</key>
				<string>b2ChainAndPolygonContact.cpp</string>
				<key>path</key>
				<string>../../addons/ofxBox2d/libs/Box2D/Dynamics/Contacts/b2ChainAndPolygonContact.cpp</string>
				<key>sourceTree</key>
				<string>SOURCE_ROOT</string>
			</dict>
			<key>F48FA7D58FB9BFDC9C1D1849</key>
			<dict>
				<key>explicitFileType</key>
				<string>sourcecode.c.h</string>
				<key>fileEncoding</key>
				<string>30</string>
				<key>isa</key>
				<string>PBXFileReference</string>
				<key>name</key>
				<string>b2EdgeAndCircleContact.h</string>
				<key>path</key>
				<string>../../addons/ofxBox2d/libs/Box2D/Dynamics/Contacts/b2EdgeAndCircleContact.h</string>
				<key>sourceTree</key>
				<string>SOURCE_ROOT</string>
			</dict>
			<key>EC0FFF908D7F81E6B16A1D30</key>
			<dict>
				<key>explicitFileType</key>
				<string>sourcecode.c.h</string>
				<key>fileEncoding</key>
				<string>30</string>
				<key>isa</key>
				<string>PBXFileReference</string>
				<key>name</key>
				<string>b2PolygonAndCircleContact.h</string>
				<key>path</key>
				<string>../../addons/ofxBox2d/libs/Box2D/Dynamics/Contacts/b2PolygonAndCircleContact.h</string>
				<key>sourceTree</key>
				<string>SOURCE_ROOT</string>
			</dict>
			<key>7B72AEDAA6AFFEC7FD13FD62</key>
			<dict>
				<key>explicitFileType</key>
				<string>sourcecode.c.h</string>
				<key>fileEncoding</key>
				<string>30</string>
				<key>isa</key>
				<string>PBXFileReference</string>
				<key>name</key>
				<string>b2ChainAndCircleContact.h</string>
				<key>path</key>
				<string>../../addons/ofxBox2d/libs/Box2D/Dynamics/Contacts/b2ChainAndCircleContact.h</string>
				<key>sourceTree</key>
				<string>SOURCE_ROOT</string>
			</dict>
			<key>9618C0A0C8712E53CEDB090C</key>
			<dict>
				<key>children</key>
				<array>
					<string>116795357D5CC94AEB9F2F47</string>
					<string>7B72AEDAA6AFFEC7FD13FD62</string>
					<string>EC0FFF908D7F81E6B16A1D30</string>
					<string>F48FA7D58FB9BFDC9C1D1849</string>
					<string>5BBDC380185BD9E0A8B14A7C</string>
					<string>DEFE78E95ACE68853243FF28</string>
					<string>78595F839376E85DCBEA9EBD</string>
					<string>73896B1E073C4A8061218C42</string>
					<string>3B268A80BBAB6DBF773940D5</string>
					<string>EB20D11C76A68244F53E54D2</string>
					<string>344CC0C92FEEA05373BFE40D</string>
					<string>5170A82975E0A938FCA68661</string>
					<string>0EB37B12D414890FB59A5309</string>
					<string>4395DBE86E08BCAAD943B981</string>
					<string>587DAE657FE666DD7FD38F57</string>
					<string>BBA7E01589F6239BF750020F</string>
					<string>51041673447504D37A89E3B2</string>
					<string>952871EF235E6BF5608A0772</string>
				</array>
				<key>isa</key>
				<string>PBXGroup</string>
				<key>name</key>
				<string>Contacts</string>
				<key>sourceTree</key>
				<string>&lt;group&gt;</string>
			</dict>
			<key>116795357D5CC94AEB9F2F47</key>
			<dict>
				<key>explicitFileType</key>
				<string>sourcecode.c.h</string>
				<key>fileEncoding</key>
				<string>30</string>
				<key>isa</key>
				<string>PBXFileReference</string>
				<key>name</key>
				<string>b2ContactSolver.h</string>
				<key>path</key>
				<string>../../addons/ofxBox2d/libs/Box2D/Dynamics/Contacts/b2ContactSolver.h</string>
				<key>sourceTree</key>
				<string>SOURCE_ROOT</string>
			</dict>
			<key>B337FF39FE53D03FA743F59D</key>
			<dict>
				<key>explicitFileType</key>
				<string>sourcecode.c.h</string>
				<key>fileEncoding</key>
				<string>30</string>
				<key>isa</key>
				<string>PBXFileReference</string>
				<key>name</key>
				<string>b2World.h</string>
				<key>path</key>
				<string>../../addons/ofxBox2d/libs/Box2D/Dynamics/b2World.h</string>
				<key>sourceTree</key>
				<string>SOURCE_ROOT</string>
			</dict>
			<key>03620DB5D475EB2E90E69C7A</key>
			<dict>
				<key>fileRef</key>
				<string>E0342F1C4D2FDF64CB2D4461</string>
				<key>isa</key>
				<string>PBXBuildFile</string>
			</dict>
			<key>E0342F1C4D2FDF64CB2D4461</key>
			<dict>
				<key>explicitFileType</key>
				<string>sourcecode.cpp.cpp</string>
				<key>fileEncoding</key>
				<string>30</string>
				<key>isa</key>
				<string>PBXFileReference</string>
				<key>name</key>
				<string>b2Fixture.cpp</string>
				<key>path</key>
				<string>../../addons/ofxBox2d/libs/Box2D/Dynamics/b2Fixture.cpp</string>
				<key>sourceTree</key>
				<string>SOURCE_ROOT</string>
			</dict>
			<key>76710BE74D1A3D1EF16C2F32</key>
			<dict>
				<key>fileRef</key>
				<string>73BDAFAC5ACE14F9085138DF</string>
				<key>isa</key>
				<string>PBXBuildFile</string>
			</dict>
			<key>73BDAFAC5ACE14F9085138DF</key>
			<dict>
				<key>explicitFileType</key>
				<string>sourcecode.cpp.cpp</string>
				<key>fileEncoding</key>
				<string>30</string>
				<key>isa</key>
				<string>PBXFileReference</string>
				<key>name</key>
				<string>b2World.cpp</string>
				<key>path</key>
				<string>../../addons/ofxBox2d/libs/Box2D/Dynamics/b2World.cpp</string>
				<key>sourceTree</key>
				<string>SOURCE_ROOT</string>
			</dict>
			<key>B950FBF3AE43D9EE9BC61FF5</key>
			<dict>
				<key>children</key>
				<array>
					<string>E563C7B2366D41CCCE48C5E6</string>
					<string>73BDAFAC5ACE14F9085138DF</string>
					<string>E0342F1C4D2FDF64CB2D4461</string>
					<string>B337FF39FE53D03FA743F59D</string>
					<string>9618C0A0C8712E53CEDB090C</string>
					<string>3C0E0B9F5F4EC3CB879AF5D6</string>
					<string>81321C92DE6995F7DA246D17</string>
					<string>84BB7E3528C462CB589AB7A1</string>
					<string>404A4F285B7AA35FC4B7D423</string>
					<string>84BBECBF17CFF7D2240E0440</string>
					<string>39EBE1EB52E8CAEA144E067B</string>
					<string>90DAC2A35D75ECAF1E87E979</string>
					<string>0E5DACAC898E377FBC3B32BD</string>
					<string>A63CD76CD627262EE8F85C3D</string>
					<string>002AD931BBF24BE848B68B50</string>
				</array>
				<key>isa</key>
				<string>PBXGroup</string>
				<key>name</key>
				<string>Dynamics</string>
				<key>sourceTree</key>
				<string>&lt;group&gt;</string>
			</dict>
			<key>0BE7E79EC87A4756E55789FB</key>
			<dict>
				<key>children</key>
				<array>
					<string>B950FBF3AE43D9EE9BC61FF5</string>
					<string>AD781D2475B8DEB601390FC7</string>
					<string>D9D8B44B877AA16A3E94A02D</string>
					<string>E964BC1AC23EBD6ADA41DA1A</string>
					<string>5F73569ECAB65FF89185C254</string>
				</array>
				<key>isa</key>
				<string>PBXGroup</string>
				<key>name</key>
				<string>Box2D</string>
				<key>sourceTree</key>
				<string>&lt;group&gt;</string>
			</dict>
			<key>B5242B907F9CE4A4313FCF04</key>
			<dict>
				<key>fileRef</key>
				<string>E563C7B2366D41CCCE48C5E6</string>
				<key>isa</key>
				<string>PBXBuildFile</string>
			</dict>
			<key>E563C7B2366D41CCCE48C5E6</key>
			<dict>
				<key>explicitFileType</key>
				<string>sourcecode.cpp.cpp</string>
				<key>fileEncoding</key>
				<string>30</string>
				<key>isa</key>
				<string>PBXFileReference</string>
				<key>name</key>
				<string>b2Body.cpp</string>
				<key>path</key>
				<string>../../addons/ofxBox2d/libs/Box2D/Dynamics/b2Body.cpp</string>
				<key>sourceTree</key>
				<string>SOURCE_ROOT</string>
			</dict>
			<key>B443E3662BC3DCB75CCC66BF</key>
			<dict>
				<key>fileRef</key>
				<string>FE77601E1C492CEFBEDC5CFE</string>
				<key>isa</key>
				<string>PBXBuildFile</string>
			</dict>
			<key>FE77601E1C492CEFBEDC5CFE</key>
			<dict>
				<key>explicitFileType</key>
				<string>sourcecode.cpp.cpp</string>
				<key>fileEncoding</key>
				<string>30</string>
				<key>isa</key>
				<string>PBXFileReference</string>
				<key>name</key>
				<string>del_impl.cpp</string>
				<key>path</key>
				<string>../../addons/ofxBox2d/libs/triangle/del_impl.cpp</string>
				<key>sourceTree</key>
				<string>SOURCE_ROOT</string>
			</dict>
			<key>3ABA6C79452FCE39EF87AC0F</key>
			<dict>
				<key>explicitFileType</key>
				<string>sourcecode.c.h</string>
				<key>fileEncoding</key>
				<string>30</string>
				<key>isa</key>
				<string>PBXFileReference</string>
				<key>name</key>
				<string>del_interface.hpp</string>
				<key>path</key>
				<string>../../addons/ofxBox2d/libs/triangle/del_interface.hpp</string>
				<key>sourceTree</key>
				<string>SOURCE_ROOT</string>
			</dict>
			<key>BC142009363259624EB07B95</key>
			<dict>
				<key>explicitFileType</key>
				<string>sourcecode.c.h</string>
				<key>fileEncoding</key>
				<string>30</string>
				<key>isa</key>
				<string>PBXFileReference</string>
				<key>name</key>
				<string>triangle.h</string>
				<key>path</key>
				<string>../../addons/ofxBox2d/libs/triangle/triangle.h</string>
				<key>sourceTree</key>
				<string>SOURCE_ROOT</string>
			</dict>
			<key>36CF68305502148A4E00AEE4</key>
			<dict>
				<key>explicitFileType</key>
				<string>sourcecode.c.h</string>
				<key>fileEncoding</key>
				<string>30</string>
				<key>isa</key>
				<string>PBXFileReference</string>
				<key>name</key>
				<string>assert.hpp</string>
				<key>path</key>
				<string>../../addons/ofxBox2d/libs/triangle/assert.hpp</string>
				<key>sourceTree</key>
				<string>SOURCE_ROOT</string>
			</dict>
			<key>39DCB21B492412F9062EA394</key>
			<dict>
				<key>explicitFileType</key>
				<string>sourcecode.c.h</string>
				<key>fileEncoding</key>
				<string>30</string>
				<key>isa</key>
				<string>PBXFileReference</string>
				<key>name</key>
				<string>triangle_impl.hpp</string>
				<key>path</key>
				<string>../../addons/ofxBox2d/libs/triangle/triangle_impl.hpp</string>
				<key>sourceTree</key>
				<string>SOURCE_ROOT</string>
			</dict>
			<key>996B4D5C136F618539A2C28D</key>
			<dict>
				<key>children</key>
				<array>
					<string>D277577D004A71B8F7F83544</string>
					<string>39DCB21B492412F9062EA394</string>
					<string>36CF68305502148A4E00AEE4</string>
					<string>BC142009363259624EB07B95</string>
					<string>3ABA6C79452FCE39EF87AC0F</string>
					<string>FE77601E1C492CEFBEDC5CFE</string>
				</array>
				<key>isa</key>
				<string>PBXGroup</string>
				<key>name</key>
				<string>triangle</string>
				<key>sourceTree</key>
				<string>&lt;group&gt;</string>
			</dict>
			<key>C4343C0396E7683F2F1D5625</key>
			<dict>
				<key>children</key>
				<array>
					<string>996B4D5C136F618539A2C28D</string>
					<string>0BE7E79EC87A4756E55789FB</string>
				</array>
				<key>isa</key>
				<string>PBXGroup</string>
				<key>name</key>
				<string>libs</string>
				<key>sourceTree</key>
				<string>&lt;group&gt;</string>
			</dict>
			<key>D277577D004A71B8F7F83544</key>
			<dict>
				<key>explicitFileType</key>
				<string>sourcecode.c.h</string>
				<key>fileEncoding</key>
				<string>30</string>
				<key>isa</key>
				<string>PBXFileReference</string>
				<key>name</key>
				<string>dpoint.hpp</string>
				<key>path</key>
				<string>../../addons/ofxBox2d/libs/triangle/dpoint.hpp</string>
				<key>sourceTree</key>
				<string>SOURCE_ROOT</string>
			</dict>
			<key>BB523F570E26DCC48A1A79A1</key>
			<dict>
				<key>fileRef</key>
				<string>C0A37E4FE40B0BFE1FBE460F</string>
				<key>isa</key>
				<string>PBXBuildFile</string>
			</dict>
			<key>C0A37E4FE40B0BFE1FBE460F</key>
			<dict>
				<key>explicitFileType</key>
				<string>sourcecode.cpp.cpp</string>
				<key>fileEncoding</key>
				<string>30</string>
				<key>isa</key>
				<string>PBXFileReference</string>
				<key>name</key>
				<string>ofxBox2dConvexPoly.cpp</string>
				<key>path</key>
				<string>../../addons/ofxBox2d/src/ofxBox2dConvexPoly.cpp</string>
				<key>sourceTree</key>
				<string>SOURCE_ROOT</string>
			</dict>
			<key>D0FFA8CE646562CEBABB75EC</key>
			<dict>
				<key>fileRef</key>
				<string>93E38A6F7C727499C1287AD9</string>
				<key>isa</key>
				<string>PBXBuildFile</string>
			</dict>
			<key>93E38A6F7C727499C1287AD9</key>
			<dict>
				<key>explicitFileType</key>
				<string>sourcecode.cpp.cpp</string>
				<key>fileEncoding</key>
				<string>30</string>
				<key>isa</key>
				<string>PBXFileReference</string>
				<key>name</key>
				<string>ofxBox2dBaseShape.cpp</string>
				<key>path</key>
				<string>../../addons/ofxBox2d/src/ofxBox2dBaseShape.cpp</string>
				<key>sourceTree</key>
				<string>SOURCE_ROOT</string>
			</dict>
			<key>E5897CDFA562EEBD6909BAB4</key>
			<dict>
				<key>explicitFileType</key>
				<string>sourcecode.c.h</string>
				<key>fileEncoding</key>
				<string>30</string>
				<key>isa</key>
				<string>PBXFileReference</string>
				<key>name</key>
				<string>ofxBox2dRender.h</string>
				<key>path</key>
				<string>../../addons/ofxBox2d/src/ofxBox2dRender.h</string>
				<key>sourceTree</key>
				<string>SOURCE_ROOT</string>
			</dict>
			<key>3BCE0421DCF9B136CA5F8140</key>
			<dict>
				<key>fileRef</key>
				<string>35D78C8AE9492C67175A9B03</string>
				<key>isa</key>
				<string>PBXBuildFile</string>
			</dict>
			<key>35D78C8AE9492C67175A9B03</key>
			<dict>
				<key>explicitFileType</key>
				<string>sourcecode.cpp.cpp</string>
				<key>fileEncoding</key>
				<string>30</string>
				<key>isa</key>
				<string>PBXFileReference</string>
				<key>name</key>
				<string>ofxBox2dEdge.cpp</string>
				<key>path</key>
				<string>../../addons/ofxBox2d/src/ofxBox2dEdge.cpp</string>
				<key>sourceTree</key>
				<string>SOURCE_ROOT</string>
			</dict>
			<key>34A3D2BD336188B94EDC1304</key>
			<dict>
				<key>fileRef</key>
				<string>10D259283C5226AD5A99A52F</string>
				<key>isa</key>
				<string>PBXBuildFile</string>
			</dict>
			<key>10D259283C5226AD5A99A52F</key>
			<dict>
				<key>explicitFileType</key>
				<string>sourcecode.cpp.cpp</string>
				<key>fileEncoding</key>
				<string>30</string>
				<key>isa</key>
				<string>PBXFileReference</string>
				<key>name</key>
				<string>ofxBox2dCircle.cpp</string>
				<key>path</key>
				<string>../../addons/ofxBox2d/src/ofxBox2dCircle.cpp</string>
				<key>sourceTree</key>
				<string>SOURCE_ROOT</string>
			</dict>
			<key>555AA7A226963625D50A3910</key>
			<dict>
				<key>explicitFileType</key>
				<string>sourcecode.c.h</string>
				<key>fileEncoding</key>
				<string>30</string>
				<key>isa</key>
				<string>PBXFileReference</string>
				<key>name</key>
				<string>ofxBox2dRect.h</string>
				<key>path</key>
				<string>../../addons/ofxBox2d/src/ofxBox2dRect.h</string>
				<key>sourceTree</key>
				<string>SOURCE_ROOT</string>
			</dict>
			<key>25339B05C05F3B281933DC5A</key>
			<dict>
				<key>explicitFileType</key>
				<string>sourcecode.c.h</string>
				<key>fileEncoding</key>
				<string>30</string>
				<key>isa</key>
				<string>PBXFileReference</string>
				<key>name</key>
				<string>ofxBox2dPolygonUtils.h</string>
				<key>path</key>
				<string>../../addons/ofxBox2d/src/ofxBox2dPolygonUtils.h</string>
				<key>sourceTree</key>
				<string>SOURCE_ROOT</string>
			</dict>
			<key>09C3B52403834A875BC2C402</key>
			<dict>
				<key>explicitFileType</key>
				<string>sourcecode.c.h</string>
				<key>fileEncoding</key>
				<string>30</string>
				<key>isa</key>
				<string>PBXFileReference</string>
				<key>name</key>
				<string>ofxBox2dBaseShape.h</string>
				<key>path</key>
				<string>../../addons/ofxBox2d/src/ofxBox2dBaseShape.h</string>
				<key>sourceTree</key>
				<string>SOURCE_ROOT</string>
			</dict>
			<key>828280663FFD4A9C8E8ED148</key>
			<dict>
				<key>explicitFileType</key>
				<string>sourcecode.c.h</string>
				<key>fileEncoding</key>
				<string>30</string>
				<key>isa</key>
				<string>PBXFileReference</string>
				<key>name</key>
				<string>ofxBox2dConvexPoly.h</string>
				<key>path</key>
				<string>../../addons/ofxBox2d/src/ofxBox2dConvexPoly.h</string>
				<key>sourceTree</key>
				<string>SOURCE_ROOT</string>
			</dict>
			<key>BFE9E13B9076DD66054E5EFF</key>
			<dict>
				<key>fileRef</key>
				<string>FF813643A4BE63D9B7AB057B</string>
				<key>isa</key>
				<string>PBXBuildFile</string>
			</dict>
			<key>FF813643A4BE63D9B7AB057B</key>
			<dict>
				<key>explicitFileType</key>
				<string>sourcecode.cpp.cpp</string>
				<key>fileEncoding</key>
				<string>30</string>
				<key>isa</key>
				<string>PBXFileReference</string>
				<key>name</key>
				<string>ofxBox2dRect.cpp</string>
				<key>path</key>
				<string>../../addons/ofxBox2d/src/ofxBox2dRect.cpp</string>
				<key>sourceTree</key>
				<string>SOURCE_ROOT</string>
			</dict>
			<key>41B99AE3BB147989CFBB28A1</key>
			<dict>
				<key>explicitFileType</key>
				<string>sourcecode.c.h</string>
				<key>fileEncoding</key>
				<string>30</string>
				<key>isa</key>
				<string>PBXFileReference</string>
				<key>name</key>
				<string>ofxBox2dJoint.h</string>
				<key>path</key>
				<string>../../addons/ofxBox2d/src/ofxBox2dJoint.h</string>
				<key>sourceTree</key>
				<string>SOURCE_ROOT</string>
			</dict>
			<key>19F70938A2FFE5DB1DE9C66D</key>
			<dict>
				<key>fileRef</key>
				<string>0AE8666E4D20BAC1BC50C1D8</string>
				<key>isa</key>
				<string>PBXBuildFile</string>
			</dict>
			<key>0AE8666E4D20BAC1BC50C1D8</key>
			<dict>
				<key>explicitFileType</key>
				<string>sourcecode.cpp.cpp</string>
				<key>fileEncoding</key>
				<string>30</string>
				<key>isa</key>
				<string>PBXFileReference</string>
				<key>name</key>
				<string>ofxBox2dJoint.cpp</string>
				<key>path</key>
				<string>../../addons/ofxBox2d/src/ofxBox2dJoint.cpp</string>
				<key>sourceTree</key>
				<string>SOURCE_ROOT</string>
			</dict>
			<key>319C0B1C70714EC444A129CC</key>
			<dict>
				<key>explicitFileType</key>
				<string>sourcecode.c.h</string>
				<key>fileEncoding</key>
				<string>30</string>
				<key>isa</key>
				<string>PBXFileReference</string>
				<key>name</key>
				<string>ofxBox2dPolygon.h</string>
				<key>path</key>
				<string>../../addons/ofxBox2d/src/ofxBox2dPolygon.h</string>
				<key>sourceTree</key>
				<string>SOURCE_ROOT</string>
			</dict>
			<key>9FEC1B1C2AEF21BB426F8697</key>
			<dict>
				<key>fileRef</key>
				<string>37C07A333C489036313B5AA5</string>
				<key>isa</key>
				<string>PBXBuildFile</string>
			</dict>
			<key>37C07A333C489036313B5AA5</key>
			<dict>
				<key>explicitFileType</key>
				<string>sourcecode.cpp.cpp</string>
				<key>fileEncoding</key>
				<string>30</string>
				<key>isa</key>
				<string>PBXFileReference</string>
				<key>name</key>
				<string>ofxBox2d.cpp</string>
				<key>path</key>
				<string>../../addons/ofxBox2d/src/ofxBox2d.cpp</string>
				<key>sourceTree</key>
				<string>SOURCE_ROOT</string>
			</dict>
			<key>2A8751FC33159255D5CD3DCC</key>
			<dict>
				<key>fileRef</key>
				<string>4E883AB83622FA6678E8EA13</string>
				<key>isa</key>
				<string>PBXBuildFile</string>
			</dict>
			<key>4E883AB83622FA6678E8EA13</key>
			<dict>
				<key>explicitFileType</key>
				<string>sourcecode.cpp.cpp</string>
				<key>fileEncoding</key>
				<string>30</string>
				<key>isa</key>
				<string>PBXFileReference</string>
				<key>name</key>
				<string>ofxBox2dPolygon.cpp</string>
				<key>path</key>
				<string>../../addons/ofxBox2d/src/ofxBox2dPolygon.cpp</string>
				<key>sourceTree</key>
				<string>SOURCE_ROOT</string>
			</dict>
			<key>74099FAA8FFB2B227D7AC385</key>
			<dict>
				<key>explicitFileType</key>
				<string>sourcecode.c.h</string>
				<key>fileEncoding</key>
				<string>30</string>
				<key>isa</key>
				<string>PBXFileReference</string>
				<key>name</key>
				<string>ofxBox2d.h</string>
				<key>path</key>
				<string>../../addons/ofxBox2d/src/ofxBox2d.h</string>
				<key>sourceTree</key>
				<string>SOURCE_ROOT</string>
			</dict>
			<key>9D19D972C3D15266AEB1322D</key>
			<dict>
				<key>explicitFileType</key>
				<string>sourcecode.c.h</string>
				<key>fileEncoding</key>
				<string>30</string>
				<key>isa</key>
				<string>PBXFileReference</string>
				<key>name</key>
				<string>ofxBox2dContactListener.h</string>
				<key>path</key>
				<string>../../addons/ofxBox2d/src/ofxBox2dContactListener.h</string>
				<key>sourceTree</key>
				<string>SOURCE_ROOT</string>
			</dict>
			<key>E571640B312515B6E187E266</key>
			<dict>
				<key>explicitFileType</key>
				<string>sourcecode.c.h</string>
				<key>fileEncoding</key>
				<string>30</string>
				<key>isa</key>
				<string>PBXFileReference</string>
				<key>name</key>
				<string>ofxBox2dEdge.h</string>
				<key>path</key>
				<string>../../addons/ofxBox2d/src/ofxBox2dEdge.h</string>
				<key>sourceTree</key>
				<string>SOURCE_ROOT</string>
			</dict>
			<key>FEDB743A123B241573E3ADFD</key>
			<dict>
				<key>explicitFileType</key>
				<string>sourcecode.c.h</string>
				<key>fileEncoding</key>
				<string>30</string>
				<key>isa</key>
				<string>PBXFileReference</string>
				<key>name</key>
				<string>ofxBox2dCircle.h</string>
				<key>path</key>
				<string>../../addons/ofxBox2d/src/ofxBox2dCircle.h</string>
				<key>sourceTree</key>
				<string>SOURCE_ROOT</string>
			</dict>
			<key>5492A1491D9E6E88EBB3BE2B</key>
			<dict>
				<key>children</key>
				<array>
					<string>005C8AC6A2A8007F2AF477E1</string>
					<string>FEDB743A123B241573E3ADFD</string>
					<string>E571640B312515B6E187E266</string>
					<string>9D19D972C3D15266AEB1322D</string>
					<string>74099FAA8FFB2B227D7AC385</string>
					<string>4E883AB83622FA6678E8EA13</string>
					<string>37C07A333C489036313B5AA5</string>
					<string>319C0B1C70714EC444A129CC</string>
					<string>0AE8666E4D20BAC1BC50C1D8</string>
					<string>41B99AE3BB147989CFBB28A1</string>
					<string>FF813643A4BE63D9B7AB057B</string>
					<string>828280663FFD4A9C8E8ED148</string>
					<string>09C3B52403834A875BC2C402</string>
					<string>25339B05C05F3B281933DC5A</string>
					<string>555AA7A226963625D50A3910</string>
					<string>10D259283C5226AD5A99A52F</string>
					<string>35D78C8AE9492C67175A9B03</string>
					<string>E5897CDFA562EEBD6909BAB4</string>
					<string>93E38A6F7C727499C1287AD9</string>
					<string>C0A37E4FE40B0BFE1FBE460F</string>
				</array>
				<key>isa</key>
				<string>PBXGroup</string>
				<key>name</key>
				<string>src</string>
				<key>sourceTree</key>
				<string>&lt;group&gt;</string>
			</dict>
			<key>BD1B24C549BFA7D54BC59DE3</key>
			<dict>
				<key>children</key>
				<array>
					<string>5492A1491D9E6E88EBB3BE2B</string>
					<string>C4343C0396E7683F2F1D5625</string>
				</array>
				<key>isa</key>
				<string>PBXGroup</string>
				<key>name</key>
				<string>ofxBox2d</string>
				<key>sourceTree</key>
				<string>&lt;group&gt;</string>
			</dict>
			<key>005C8AC6A2A8007F2AF477E1</key>
			<dict>
				<key>explicitFileType</key>
				<string>sourcecode.c.h</string>
				<key>fileEncoding</key>
				<string>30</string>
				<key>isa</key>
				<string>PBXFileReference</string>
				<key>name</key>
				<string>ofxBox2dUtils.h</string>
				<key>path</key>
				<string>../../addons/ofxBox2d/src/ofxBox2dUtils.h</string>
				<key>sourceTree</key>
				<string>SOURCE_ROOT</string>
			</dict>
			<key>6948EE371B920CB800B5AC1A</key>
			<dict>
				<key>children</key>
				<array />
				<key>isa</key>
				<string>PBXGroup</string>
				<key>name</key>
				<string>local_addons</string>
				<key>sourceTree</key>
				<string>&lt;group&gt;</string>
			</dict>
			<key>BB4B014C10F69532006C3DED</key>
			<dict>
				<key>children</key>
				<array>
					<string>BD1B24C549BFA7D54BC59DE3</string>
				</array>
				<key>isa</key>
				<string>PBXGroup</string>
				<key>name</key>
				<string>addons</string>
				<key>sourceTree</key>
				<string>&lt;group&gt;</string>
			</dict>
			<key>E4328143138ABC890047C5CB</key>
			<dict>
				<key>isa</key>
				<string>PBXFileReference</string>
				<key>lastKnownFileType</key>
				<string>wrapper.pb-project</string>
				<key>name</key>
				<string>openFrameworksLib.xcodeproj</string>
				<key>path</key>
				<string>../../libs/openFrameworksCompiled/project/osx/openFrameworksLib.xcodeproj</string>
				<key>sourceTree</key>
				<string>SOURCE_ROOT</string>
			</dict>
			<key>E4328144138ABC890047C5CB</key>
			<dict>
				<key>children</key>
				<array>
					<string>E4328148138ABC890047C5CB</string>
				</array>
				<key>isa</key>
				<string>PBXGroup</string>
				<key>name</key>
				<string>Products</string>
				<key>sourceTree</key>
				<string>&lt;group&gt;</string>
			</dict>
			<key>E4328147138ABC890047C5CB</key>
			<dict>
				<key>containerPortal</key>
				<string>E4328143138ABC890047C5CB</string>
				<key>isa</key>
				<string>PBXContainerItemProxy</string>
				<key>proxyType</key>
				<string>2</string>
				<key>remoteGlobalIDString</key>
				<string>E4B27C1510CBEB8E00536013</string>
				<key>remoteInfo</key>
				<string>openFrameworks</string>
			</dict>
			<key>E4328148138ABC890047C5CB</key>
			<dict>
				<key>fileType</key>
				<string>archive.ar</string>
				<key>isa</key>
				<string>PBXReferenceProxy</string>
				<key>path</key>
				<string>openFrameworksDebug.a</string>
				<key>remoteRef</key>
				<string>E4328147138ABC890047C5CB</string>
				<key>sourceTree</key>
				<string>BUILT_PRODUCTS_DIR</string>
			</dict>
			<key>E4328149138ABC9F0047C5CB</key>
			<dict>
				<key>fileRef</key>
				<string>E4328148138ABC890047C5CB</string>
				<key>isa</key>
				<string>PBXBuildFile</string>
			</dict>
			<key>E4B69B4A0A3A1720003C02F2</key>
			<dict>
				<key>children</key>
				<array>
					<string>E4B6FCAD0C3E899E008CF71C</string>
					<string>E4EB6923138AFD0F00A09F29</string>
					<string>E4B69E1C0A3A1BDC003C02F2</string>
					<string>E4EEC9E9138DF44700A80321</string>
					<string>BB4B014C10F69532006C3DED</string>
					<string>6948EE371B920CB800B5AC1A</string>
					<string>E4B69B5B0A3A1756003C02F2</string>
				</array>
				<key>isa</key>
				<string>PBXGroup</string>
				<key>sourceTree</key>
				<string>&lt;group&gt;</string>
			</dict>
			<key>E4B69B4C0A3A1720003C02F2</key>
			<dict>
				<key>attributes</key>
				<dict>
					<key>LastUpgradeCheck</key>
					<string>0600</string>
				</dict>
				<key>buildConfigurationList</key>
				<string>E4B69B4D0A3A1720003C02F2</string>
				<key>compatibilityVersion</key>
				<string>Xcode 3.2</string>
				<key>developmentRegion</key>
				<string>English</string>
				<key>hasScannedForEncodings</key>
				<string>0</string>
				<key>isa</key>
				<string>PBXProject</string>
				<key>knownRegions</key>
				<array>
					<string>English</string>
					<string>Japanese</string>
					<string>French</string>
					<string>German</string>
				</array>
				<key>mainGroup</key>
				<string>E4B69B4A0A3A1720003C02F2</string>
				<key>productRefGroup</key>
				<string>E4B69B4A0A3A1720003C02F2</string>
				<key>projectDirPath</key>
				<string />
				<key>projectReferences</key>
				<array>
					<dict>
						<key>ProductGroup</key>
						<string>E4328144138ABC890047C5CB</string>
						<key>ProjectRef</key>
						<string>E4328143138ABC890047C5CB</string>
					</dict>
				</array>
				<key>projectRoot</key>
				<string />
				<key>targets</key>
				<array>
					<string>E4B69B5A0A3A1756003C02F2</string>
				</array>
			</dict>
			<key>E4B69B4D0A3A1720003C02F2</key>
			<dict>
				<key>buildConfigurations</key>
				<array>
					<string>E4B69B4E0A3A1720003C02F2</string>
					<string>E4B69B4F0A3A1720003C02F2</string>
				</array>
				<key>defaultConfigurationIsVisible</key>
				<string>0</string>
				<key>defaultConfigurationName</key>
				<string>Release</string>
				<key>isa</key>
				<string>XCConfigurationList</string>
			</dict>
			<key>E4B69B4E0A3A1720003C02F2</key>
			<dict>
				<key>baseConfigurationReference</key>
				<string>E4EB6923138AFD0F00A09F29</string>
				<key>buildSettings</key>
				<dict>
					<key>HEADER_SEARCH_PATHS</key>
					<array>
						<string>$(OF_CORE_HEADERS)</string>
						<string>src</string>
						<string>../../addons/ofxBox2d/libs</string>
						<string>../../addons/ofxBox2d/libs/Box2D</string>
						<string>../../addons/ofxBox2d/libs/Box2D/Collision</string>
						<string>../../addons/ofxBox2d/libs/Box2D/Collision/Shapes</string>
						<string>../../addons/ofxBox2d/libs/Box2D/Common</string>
						<string>../../addons/ofxBox2d/libs/Box2D/Dynamics</string>
						<string>../../addons/ofxBox2d/libs/Box2D/Dynamics/Contacts</string>
						<string>../../addons/ofxBox2d/libs/Box2D/Dynamics/Joints</string>
						<string>../../addons/ofxBox2d/libs/Box2D/Rope</string>
						<string>../../addons/ofxBox2d/libs/triangle</string>
						<string>../../addons/ofxBox2d/src</string>
					</array>
					<key>CONFIGURATION_BUILD_DIR</key>
					<string>$(SRCROOT)/bin/</string>
					<key>COPY_PHASE_STRIP</key>
					<string>NO</string>
					<key>DEAD_CODE_STRIPPING</key>
					<string>YES</string>
					<key>GCC_AUTO_VECTORIZATION</key>
					<string>YES</string>
					<key>GCC_ENABLE_SSE3_EXTENSIONS</key>
					<string>YES</string>
					<key>GCC_ENABLE_SUPPLEMENTAL_SSE3_INSTRUCTIONS</key>
					<string>YES</string>
					<key>GCC_INLINES_ARE_PRIVATE_EXTERN</key>
					<string>NO</string>
					<key>GCC_OPTIMIZATION_LEVEL</key>
					<string>0</string>
					<key>GCC_SYMBOLS_PRIVATE_EXTERN</key>
					<string>NO</string>
					<key>GCC_WARN_ABOUT_DEPRECATED_FUNCTIONS</key>
					<string>YES</string>
					<key>GCC_WARN_ABOUT_INVALID_OFFSETOF_MACRO</key>
					<string>NO</string>
					<key>GCC_WARN_ALLOW_INCOMPLETE_PROTOCOL</key>
					<string>NO</string>
					<key>GCC_WARN_UNINITIALIZED_AUTOS</key>
					<string>NO</string>
					<key>GCC_WARN_UNUSED_VALUE</key>
					<string>NO</string>
					<key>GCC_WARN_UNUSED_VARIABLE</key>
					<string>NO</string>
					<key>MACOSX_DEPLOYMENT_TARGET</key>
					<string>10.8</string>
					<key>ONLY_ACTIVE_ARCH</key>
					<string>YES</string>
					<key>OTHER_CPLUSPLUSFLAGS</key>
					<array>
						<string>-D__MACOSX_CORE__</string>
						<string>-mtune=native</string>
					</array>
					<key>SDKROOT</key>
					<string>macosx</string>
				</dict>
				<key>isa</key>
				<string>XCBuildConfiguration</string>
				<key>name</key>
				<string>Debug</string>
			</dict>
			<key>E4B69B4F0A3A1720003C02F2</key>
			<dict>
				<key>baseConfigurationReference</key>
				<string>E4EB6923138AFD0F00A09F29</string>
				<key>buildSettings</key>
				<dict>
					<key>HEADER_SEARCH_PATHS</key>
					<array>
						<string>$(OF_CORE_HEADERS)</string>
						<string>src</string>
						<string>../../addons/ofxBox2d/libs</string>
						<string>../../addons/ofxBox2d/libs/Box2D</string>
						<string>../../addons/ofxBox2d/libs/Box2D/Collision</string>
						<string>../../addons/ofxBox2d/libs/Box2D/Collision/Shapes</string>
						<string>../../addons/ofxBox2d/libs/Box2D/Common</string>
						<string>../../addons/ofxBox2d/libs/Box2D/Dynamics</string>
						<string>../../addons/ofxBox2d/libs/Box2D/Dynamics/Contacts</string>
						<string>../../addons/ofxBox2d/libs/Box2D/Dynamics/Joints</string>
						<string>../../addons/ofxBox2d/libs/Box2D/Rope</string>
						<string>../../addons/ofxBox2d/libs/triangle</string>
						<string>../../addons/ofxBox2d/src</string>
					</array>
					<key>CONFIGURATION_BUILD_DIR</key>
					<string>$(SRCROOT)/bin/</string>
					<key>COPY_PHASE_STRIP</key>
					<string>YES</string>
					<key>DEAD_CODE_STRIPPING</key>
					<string>YES</string>
					<key>GCC_AUTO_VECTORIZATION</key>
					<string>YES</string>
					<key>GCC_ENABLE_SSE3_EXTENSIONS</key>
					<string>YES</string>
					<key>GCC_ENABLE_SUPPLEMENTAL_SSE3_INSTRUCTIONS</key>
					<string>YES</string>
					<key>GCC_INLINES_ARE_PRIVATE_EXTERN</key>
					<string>NO</string>
					<key>GCC_OPTIMIZATION_LEVEL</key>
					<string>3</string>
					<key>GCC_SYMBOLS_PRIVATE_EXTERN</key>
					<string>NO</string>
					<key>GCC_UNROLL_LOOPS</key>
					<string>YES</string>
					<key>GCC_WARN_ABOUT_DEPRECATED_FUNCTIONS</key>
					<string>YES</string>
					<key>GCC_WARN_ABOUT_INVALID_OFFSETOF_MACRO</key>
					<string>NO</string>
					<key>GCC_WARN_ALLOW_INCOMPLETE_PROTOCOL</key>
					<string>NO</string>
					<key>GCC_WARN_UNINITIALIZED_AUTOS</key>
					<string>NO</string>
					<key>GCC_WARN_UNUSED_VALUE</key>
					<string>NO</string>
					<key>GCC_WARN_UNUSED_VARIABLE</key>
					<string>NO</string>
					<key>MACOSX_DEPLOYMENT_TARGET</key>
					<string>10.8</string>
					<key>OTHER_CPLUSPLUSFLAGS</key>
					<array>
						<string>-D__MACOSX_CORE__</string>
						<string>-mtune=native</string>
					</array>
					<key>SDKROOT</key>
					<string>macosx</string>
				</dict>
				<key>isa</key>
				<string>XCBuildConfiguration</string>
				<key>name</key>
				<string>Release</string>
			</dict>
			<key>E4B69B580A3A1756003C02F2</key>
			<dict>
				<key>buildActionMask</key>
				<string>2147483647</string>
				<key>files</key>
				<array>
					<string>E4B69E200A3A1BDC003C02F2</string>
					<string>E4B69E210A3A1BDC003C02F2</string>
					<string>2A8751FC33159255D5CD3DCC</string>
					<string>9FEC1B1C2AEF21BB426F8697</string>
					<string>19F70938A2FFE5DB1DE9C66D</string>
					<string>BFE9E13B9076DD66054E5EFF</string>
					<string>34A3D2BD336188B94EDC1304</string>
					<string>3BCE0421DCF9B136CA5F8140</string>
					<string>D0FFA8CE646562CEBABB75EC</string>
					<string>BB523F570E26DCC48A1A79A1</string>
					<string>B443E3662BC3DCB75CCC66BF</string>
					<string>B5242B907F9CE4A4313FCF04</string>
					<string>76710BE74D1A3D1EF16C2F32</string>
					<string>03620DB5D475EB2E90E69C7A</string>
					<string>B6B1015A35954FA20B50AFB2</string>
					<string>422CCB5A6D4CC77AF7479419</string>
					<string>0701AA5BA4599E4EDFC9E2CD</string>
					<string>B0E72B2FB1CAF4670A8FD2DC</string>
					<string>5340884BA7085CA9480FBB76</string>
					<string>EEAC363FA1734AEAE21E0053</string>
					<string>552FA1CFD30AC6F4126AE110</string>
					<string>3502F8F96C46759C836CF148</string>
					<string>198C2930DC03302EC254BFAB</string>
					<string>6B3FC90E361AC9E7BAB577BF</string>
					<string>F8D8C96925544C4DDFB82BDA</string>
					<string>BCE7F2B1EF5A44CCD5B30B6B</string>
					<string>E853DA7C6588DC0D50151809</string>
					<string>B33395A8CB1CC5893E9DAB18</string>
					<string>FDD7B3424504ABA6FCFFAFF2</string>
					<string>9B756517B17CD792211057F9</string>
					<string>115223B1B2BC5009308C0311</string>
					<string>789132D06D3F1D012E38597D</string>
					<string>1B0A6B506A2B8E44AE9B0484</string>
					<string>4861A6152E3D9ED5D84CCCF3</string>
					<string>AD787C6505E469258989418D</string>
					<string>5B998F5FDBD529DC0D084194</string>
					<string>F6BB56B6F63A116B345B377F</string>
					<string>28DCC7AEBF1C96132E74F8A8</string>
					<string>3716C1D7BA1A510200C877FE</string>
					<string>34CEC413216084FB9723C8C8</string>
					<string>6153231FBD2AA19E0838851E</string>
					<string>1695CA2A626C4DF8C63F0F3D</string>
					<string>5613D9F7523F3AF8F1D0F63D</string>
					<string>4AE3A3F72FDDC5E8561A4EB7</string>
					<string>D0AB9E0445A76474987E13BC</string>
					<string>3E72B8615283284E303B15CD</string>
					<string>918C68364B7A9CB932C78130</string>
					<string>88DFA08836DA1364FA000E40</string>
					<string>ECECE460BE9D110E58B8677B</string>
					<string>9C87231E4DD998FFE70D81B5</string>
					<string>12FEEE15A5604245028BE5CB</string>
					<string>E97D40424C545C8FC35A2396</string>
					<string>9B59A29A5D07A6ACFC90E099</string>
					<string>A0F82B465BC1F196B83A5816</string>
					<string>E65510D81241DD1E8F8E019F</string>
					<string>9E86BF5BC4841E184A88F114</string>
					<string>498B5D6E3C75A6AB4F115630</string>
				</array>
				<key>isa</key>
				<string>PBXSourcesBuildPhase</string>
				<key>runOnlyForDeploymentPostprocessing</key>
				<string>0</string>
			</dict>
			<key>E4B69B590A3A1756003C02F2</key>
			<dict>
				<key>buildActionMask</key>
				<string>2147483647</string>
				<key>files</key>
				<array>
					<string>E4328149138ABC9F0047C5CB</string>
				</array>
				<key>isa</key>
				<string>PBXFrameworksBuildPhase</string>
				<key>runOnlyForDeploymentPostprocessing</key>
				<string>0</string>
			</dict>
			<key>E4B69B5A0A3A1756003C02F2</key>
			<dict>
				<key>buildConfigurationList</key>
				<string>E4B69B5F0A3A1757003C02F2</string>
				<key>buildPhases</key>
				<array>
					<string>E4B69B580A3A1756003C02F2</string>
					<string>E4B69B590A3A1756003C02F2</string>
					<string>E4B6FFFD0C3F9AB9008CF71C</string>
					<string>E4C2427710CC5ABF004149E2</string>
				</array>
				<key>buildRules</key>
				<array />
				<key>dependencies</key>
				<array>
					<string>E4EEB9AC138B136A00A80321</string>
				</array>
				<key>isa</key>
				<string>PBXNativeTarget</string>
				<key>name</key>
				<string>cc_lab</string>
				<key>productName</key>
				<string>myOFApp</string>
				<key>productReference</key>
				<string>E4B69B5B0A3A1756003C02F2</string>
				<key>productType</key>
				<string>com.apple.product-type.application</string>
			</dict>
			<key>E4B69B5B0A3A1756003C02F2</key>
			<dict>
				<key>explicitFileType</key>
				<string>wrapper.application</string>
				<key>includeInIndex</key>
				<string>0</string>
				<key>isa</key>
				<string>PBXFileReference</string>
				<key>path</key>
				<string>cc_labDebug.app</string>
				<key>sourceTree</key>
				<string>BUILT_PRODUCTS_DIR</string>
			</dict>
			<key>E4B69B5F0A3A1757003C02F2</key>
			<dict>
				<key>buildConfigurations</key>
				<array>
					<string>E4B69B600A3A1757003C02F2</string>
					<string>E4B69B610A3A1757003C02F2</string>
				</array>
				<key>defaultConfigurationIsVisible</key>
				<string>0</string>
				<key>defaultConfigurationName</key>
				<string>Release</string>
				<key>isa</key>
				<string>XCConfigurationList</string>
			</dict>
			<key>E4B69B600A3A1757003C02F2</key>
			<dict>
				<key>baseConfigurationReference</key>
				<string>E4EB6923138AFD0F00A09F29</string>
				<key>buildSettings</key>
				<dict>
					<key>HEADER_SEARCH_PATHS</key>
					<array>
						<string>$(OF_CORE_HEADERS)</string>
						<string>src</string>
						<string>../../addons/ofxBox2d/libs</string>
						<string>../../addons/ofxBox2d/libs/Box2D</string>
						<string>../../addons/ofxBox2d/libs/Box2D/Collision</string>
						<string>../../addons/ofxBox2d/libs/Box2D/Collision/Shapes</string>
						<string>../../addons/ofxBox2d/libs/Box2D/Common</string>
						<string>../../addons/ofxBox2d/libs/Box2D/Dynamics</string>
						<string>../../addons/ofxBox2d/libs/Box2D/Dynamics/Contacts</string>
						<string>../../addons/ofxBox2d/libs/Box2D/Dynamics/Joints</string>
						<string>../../addons/ofxBox2d/libs/Box2D/Rope</string>
						<string>../../addons/ofxBox2d/libs/triangle</string>
						<string>../../addons/ofxBox2d/src</string>
					</array>
					<key>COMBINE_HIDPI_IMAGES</key>
					<string>YES</string>
					<key>COPY_PHASE_STRIP</key>
					<string>NO</string>
					<key>FRAMEWORK_SEARCH_PATHS</key>
					<array>
						<string>$(inherited)</string>
						<string>$(FRAMEWORK_SEARCH_PATHS_QUOTED_FOR_TARGET_1)</string>
					</array>
					<key>FRAMEWORK_SEARCH_PATHS_QUOTED_FOR_TARGET_1</key>
					<string>"$(SRCROOT)/../../libs/glut/lib/osx"</string>
					<key>GCC_DYNAMIC_NO_PIC</key>
					<string>NO</string>
					<key>GCC_GENERATE_DEBUGGING_SYMBOLS</key>
					<string>YES</string>
					<key>GCC_MODEL_TUNING</key>
					<string>NONE</string>
					<key>ICON</key>
					<string>$(ICON_NAME_DEBUG)</string>
					<key>ICON_FILE</key>
					<string>$(ICON_FILE_PATH)$(ICON)</string>
					<key>INFOPLIST_FILE</key>
					<string>openFrameworks-Info.plist</string>
					<key>INSTALL_PATH</key>
					<string>/Applications</string>
					<key>LIBRARY_SEARCH_PATHS</key>
					<string>$(inherited)</string>
					<key>PRODUCT_NAME</key>
					<string>$(TARGET_NAME)Debug</string>
					<key>WRAPPER_EXTENSION</key>
					<string>app</string>
				</dict>
				<key>isa</key>
				<string>XCBuildConfiguration</string>
				<key>name</key>
				<string>Debug</string>
			</dict>
			<key>E4B69B610A3A1757003C02F2</key>
			<dict>
				<key>baseConfigurationReference</key>
				<string>E4EB6923138AFD0F00A09F29</string>
				<key>buildSettings</key>
				<dict>
					<key>HEADER_SEARCH_PATHS</key>
					<array>
						<string>$(OF_CORE_HEADERS)</string>
						<string>src</string>
						<string>../../addons/ofxBox2d/libs</string>
						<string>../../addons/ofxBox2d/libs/Box2D</string>
						<string>../../addons/ofxBox2d/libs/Box2D/Collision</string>
						<string>../../addons/ofxBox2d/libs/Box2D/Collision/Shapes</string>
						<string>../../addons/ofxBox2d/libs/Box2D/Common</string>
						<string>../../addons/ofxBox2d/libs/Box2D/Dynamics</string>
						<string>../../addons/ofxBox2d/libs/Box2D/Dynamics/Contacts</string>
						<string>../../addons/ofxBox2d/libs/Box2D/Dynamics/Joints</string>
						<string>../../addons/ofxBox2d/libs/Box2D/Rope</string>
						<string>../../addons/ofxBox2d/libs/triangle</string>
						<string>../../addons/ofxBox2d/src</string>
					</array>
					<key>COMBINE_HIDPI_IMAGES</key>
					<string>YES</string>
					<key>COPY_PHASE_STRIP</key>
					<string>YES</string>
					<key>FRAMEWORK_SEARCH_PATHS</key>
					<array>
						<string>$(inherited)</string>
						<string>$(FRAMEWORK_SEARCH_PATHS_QUOTED_FOR_TARGET_1)</string>
					</array>
					<key>FRAMEWORK_SEARCH_PATHS_QUOTED_FOR_TARGET_1</key>
					<string>"$(SRCROOT)/../../libs/glut/lib/osx"</string>
					<key>GCC_GENERATE_DEBUGGING_SYMBOLS</key>
					<string>YES</string>
					<key>GCC_MODEL_TUNING</key>
					<string>NONE</string>
					<key>ICON</key>
					<string>$(ICON_NAME_RELEASE)</string>
					<key>ICON_FILE</key>
					<string>$(ICON_FILE_PATH)$(ICON)</string>
					<key>INFOPLIST_FILE</key>
					<string>openFrameworks-Info.plist</string>
					<key>INSTALL_PATH</key>
					<string>/Applications</string>
					<key>LIBRARY_SEARCH_PATHS</key>
					<string>$(inherited)</string>
					<key>PRODUCT_NAME</key>
					<string>$(TARGET_NAME)</string>
					<key>WRAPPER_EXTENSION</key>
					<string>app</string>
					<key>baseConfigurationReference</key>
					<string>E4EB6923138AFD0F00A09F29</string>
				</dict>
				<key>isa</key>
				<string>XCBuildConfiguration</string>
				<key>name</key>
				<string>Release</string>
			</dict>
			<key>E4B69E1C0A3A1BDC003C02F2</key>
			<dict>
				<key>children</key>
				<array>
					<string>E4B69E1D0A3A1BDC003C02F2</string>
					<string>E4B69E1E0A3A1BDC003C02F2</string>
					<string>E4B69E1F0A3A1BDC003C02F2</string>
				</array>
				<key>isa</key>
				<string>PBXGroup</string>
				<key>path</key>
				<string>src</string>
				<key>sourceTree</key>
				<string>SOURCE_ROOT</string>
			</dict>
			<key>E4B69E1D0A3A1BDC003C02F2</key>
			<dict>
				<key>fileEncoding</key>
				<string>30</string>
				<key>isa</key>
				<string>PBXFileReference</string>
				<key>lastKnownFileType</key>
				<string>sourcecode.cpp.cpp</string>
				<key>name</key>
				<string>main.cpp</string>
				<key>path</key>
				<string>src/main.cpp</string>
				<key>sourceTree</key>
				<string>SOURCE_ROOT</string>
			</dict>
			<key>E4B69E1E0A3A1BDC003C02F2</key>
			<dict>
				<key>explicitFileType</key>
				<string>sourcecode.cpp.cpp</string>
				<key>fileEncoding</key>
				<string>30</string>
				<key>isa</key>
				<string>PBXFileReference</string>
				<key>name</key>
				<string>ofApp.cpp</string>
				<key>path</key>
				<string>src/ofApp.cpp</string>
				<key>sourceTree</key>
				<string>SOURCE_ROOT</string>
			</dict>
			<key>E4B69E1F0A3A1BDC003C02F2</key>
			<dict>
				<key>fileEncoding</key>
				<string>30</string>
				<key>isa</key>
				<string>PBXFileReference</string>
				<key>lastKnownFileType</key>
				<string>sourcecode.c.h</string>
				<key>name</key>
				<string>ofApp.h</string>
				<key>path</key>
				<string>src/ofApp.h</string>
				<key>sourceTree</key>
				<string>SOURCE_ROOT</string>
			</dict>
			<key>E4B69E200A3A1BDC003C02F2</key>
			<dict>
				<key>fileRef</key>
				<string>E4B69E1D0A3A1BDC003C02F2</string>
				<key>isa</key>
				<string>PBXBuildFile</string>
			</dict>
			<key>E4B69E210A3A1BDC003C02F2</key>
			<dict>
				<key>fileRef</key>
				<string>E4B69E1E0A3A1BDC003C02F2</string>
				<key>isa</key>
				<string>PBXBuildFile</string>
			</dict>
			<key>E4B6FCAD0C3E899E008CF71C</key>
			<dict>
				<key>fileEncoding</key>
				<string>30</string>
				<key>isa</key>
				<string>PBXFileReference</string>
				<key>lastKnownFileType</key>
				<string>text.plist.xml</string>
				<key>path</key>
				<string>openFrameworks-Info.plist</string>
				<key>sourceTree</key>
				<string>&lt;group&gt;</string>
			</dict>
			<key>E4B6FFFD0C3F9AB9008CF71C</key>
			<dict>
				<key>buildActionMask</key>
				<string>2147483647</string>
				<key>files</key>
				<array />
				<key>inputPaths</key>
				<array />
				<key>isa</key>
				<string>PBXShellScriptBuildPhase</string>
				<key>outputPaths</key>
				<array />
				<key>runOnlyForDeploymentPostprocessing</key>
				<string>0</string>
				<key>shellPath</key>
				<string>/bin/sh</string>
				<key>shellScript</key>
				<string>mkdir -p "$TARGET_BUILD_DIR/$PRODUCT_NAME.app/Contents/Resources/"
# Copy default icon file into App/Resources
rsync -aved "$ICON_FILE" "$TARGET_BUILD_DIR/$PRODUCT_NAME.app/Contents/Resources/"
# Copy libfmod and change install directory for fmod to run
rsync -aved ../../libs/fmodex/lib/osx/libfmodex.dylib "$TARGET_BUILD_DIR/$PRODUCT_NAME.app/Contents/Frameworks/";
install_name_tool -change @executable_path/libfmodex.dylib @executable_path/../Frameworks/libfmodex.dylib "$TARGET_BUILD_DIR/$PRODUCT_NAME.app/Contents/MacOS/$PRODUCT_NAME";
# Copy GLUT framework (must remove for AppStore submissions)
rsync -aved ../../libs/glut/lib/osx/GLUT.framework "$TARGET_BUILD_DIR/$PRODUCT_NAME.app/Contents/Frameworks/"
</string>
			</dict>
			<key>E4C2427710CC5ABF004149E2</key>
			<dict>
				<key>buildActionMask</key>
				<string>2147483647</string>
				<key>dstPath</key>
				<string />
				<key>dstSubfolderSpec</key>
				<string>10</string>
				<key>files</key>
				<array />
				<key>isa</key>
				<string>PBXCopyFilesBuildPhase</string>
				<key>runOnlyForDeploymentPostprocessing</key>
				<string>0</string>
			</dict>
			<key>E4EB691F138AFCF100A09F29</key>
			<dict>
				<key>fileEncoding</key>
				<string>4</string>
				<key>isa</key>
				<string>PBXFileReference</string>
				<key>lastKnownFileType</key>
				<string>text.xcconfig</string>
				<key>name</key>
				<string>CoreOF.xcconfig</string>
				<key>path</key>
				<string>../../libs/openFrameworksCompiled/project/osx/CoreOF.xcconfig</string>
				<key>sourceTree</key>
				<string>SOURCE_ROOT</string>
			</dict>
			<key>E4EB6923138AFD0F00A09F29</key>
			<dict>
				<key>fileEncoding</key>
				<string>4</string>
				<key>isa</key>
				<string>PBXFileReference</string>
				<key>lastKnownFileType</key>
				<string>text.xcconfig</string>
				<key>path</key>
				<string>Project.xcconfig</string>
				<key>sourceTree</key>
				<string>&lt;group&gt;</string>
			</dict>
			<key>E4EEB9AB138B136A00A80321</key>
			<dict>
				<key>containerPortal</key>
				<string>E4328143138ABC890047C5CB</string>
				<key>isa</key>
				<string>PBXContainerItemProxy</string>
				<key>proxyType</key>
				<string>1</string>
				<key>remoteGlobalIDString</key>
				<string>E4B27C1410CBEB8E00536013</string>
				<key>remoteInfo</key>
				<string>openFrameworks</string>
			</dict>
			<key>E4EEB9AC138B136A00A80321</key>
			<dict>
				<key>isa</key>
				<string>PBXTargetDependency</string>
				<key>name</key>
				<string>openFrameworks</string>
				<key>targetProxy</key>
				<string>E4EEB9AB138B136A00A80321</string>
			</dict>
			<key>E4EEC9E9138DF44700A80321</key>
			<dict>
				<key>children</key>
				<array>
					<string>E4EB691F138AFCF100A09F29</string>
					<string>E4328143138ABC890047C5CB</string>
				</array>
				<key>isa</key>
				<string>PBXGroup</string>
				<key>name</key>
				<string>openFrameworks</string>
				<key>sourceTree</key>
				<string>&lt;group&gt;</string>
			</dict>
		</dict>
		<key>rootObject</key>
		<string>E4B69B4C0A3A1720003C02F2</string>
	</dict>
</plist>
