// !$*UTF8*$!
{
	archiveVersion = 1;
	classes = {
	};
	objectVersion = 50;
	objects = {

/* Begin PBXBuildFile section */
		68846D1220AD461300666A25 /* AppDelegate.swift in Sources */ = {isa = PBXBuildFile; fileRef = 68846D1120AD461300666A25 /* AppDelegate.swift */; };
		68846D1420AD461300666A25 /* art.scnassets in Resources */ = {isa = PBXBuildFile; fileRef = 68846D1320AD461300666A25 /* art.scnassets */; };
		68846D1620AD461300666A25 /* ViewController.swift in Sources */ = {isa = PBXBuildFile; fileRef = 68846D1520AD461300666A25 /* ViewController.swift */; };
		68846D1920AD461300666A25 /* Main.storyboard in Resources */ = {isa = PBXBuildFile; fileRef = 68846D1720AD461300666A25 /* Main.storyboard */; };
		68846D1B20AD461400666A25 /* Assets.xcassets in Resources */ = {isa = PBXBuildFile; fileRef = 68846D1A20AD461400666A25 /* Assets.xcassets */; };
		68846D1E20AD461400666A25 /* LaunchScreen.storyboard in Resources */ = {isa = PBXBuildFile; fileRef = 68846D1C20AD461400666A25 /* LaunchScreen.storyboard */; };
		68846D2920AD461400666A25 /* project3Tests.swift in Sources */ = {isa = PBXBuildFile; fileRef = 68846D2820AD461400666A25 /* project3Tests.swift */; };
		68846D3420AD461400666A25 /* project3UITests.swift in Sources */ = {isa = PBXBuildFile; fileRef = 68846D3320AD461400666A25 /* project3UITests.swift */; };
		68846D4320AD463300666A25 /* rocketship.scn in Resources */ = {isa = PBXBuildFile; fileRef = 68846D4220AD463300666A25 /* rocketship.scn */; };
		68846D4720AD468200666A25 /* spark.png in Resources */ = {isa = PBXBuildFile; fileRef = 68846D4520AD468200666A25 /* spark.png */; };
		68846D4820AD468200666A25 /* reactor.scnp in Resources */ = {isa = PBXBuildFile; fileRef = 68846D4620AD468200666A25 /* reactor.scnp */; };
/* End PBXBuildFile section */

/* Begin PBXContainerItemProxy section */
		68846D2520AD461400666A25 /* PBXContainerItemProxy */ = {
			isa = PBXContainerItemProxy;
			containerPortal = 68846D0620AD461300666A25 /* Project object */;
			proxyType = 1;
			remoteGlobalIDString = 68846D0D20AD461300666A25;
			remoteInfo = project3;
		};
		68846D3020AD461400666A25 /* PBXContainerItemProxy */ = {
			isa = PBXContainerItemProxy;
			containerPortal = 68846D0620AD461300666A25 /* Project object */;
			proxyType = 1;
			remoteGlobalIDString = 68846D0D20AD461300666A25;
			remoteInfo = project3;
		};
/* End PBXContainerItemProxy section */

/* Begin PBXFileReference section */
		68846D0E20AD461300666A25 /* project3.app */ = {isa = PBXFileReference; explicitFileType = wrapper.application; includeInIndex = 0; path = project3.app; sourceTree = BUILT_PRODUCTS_DIR; };
		68846D1120AD461300666A25 /* AppDelegate.swift */ = {isa = PBXFileReference; lastKnownFileType = sourcecode.swift; path = AppDelegate.swift; sourceTree = "<group>"; };
		68846D1320AD461300666A25 /* art.scnassets */ = {isa = PBXFileReference; lastKnownFileType = wrapper.scnassets; path = art.scnassets; sourceTree = "<group>"; };
		68846D1520AD461300666A25 /* ViewController.swift */ = {isa = PBXFileReference; lastKnownFileType = sourcecode.swift; path = ViewController.swift; sourceTree = "<group>"; };
		68846D1820AD461300666A25 /* Base */ = {isa = PBXFileReference; lastKnownFileType = file.storyboard; name = Base; path = Base.lproj/Main.storyboard; sourceTree = "<group>"; };
		68846D1A20AD461400666A25 /* Assets.xcassets */ = {isa = PBXFileReference; lastKnownFileType = folder.assetcatalog; path = Assets.xcassets; sourceTree = "<group>"; };
		68846D1D20AD461400666A25 /* Base */ = {isa = PBXFileReference; lastKnownFileType = file.storyboard; name = Base; path = Base.lproj/LaunchScreen.storyboard; sourceTree = "<group>"; };
		68846D1F20AD461400666A25 /* Info.plist */ = {isa = PBXFileReference; lastKnownFileType = text.plist.xml; path = Info.plist; sourceTree = "<group>"; };
		68846D2420AD461400666A25 /* project3Tests.xctest */ = {isa = PBXFileReference; explicitFileType = wrapper.cfbundle; includeInIndex = 0; path = project3Tests.xctest; sourceTree = BUILT_PRODUCTS_DIR; };
		68846D2820AD461400666A25 /* project3Tests.swift */ = {isa = PBXFileReference; lastKnownFileType = sourcecode.swift; path = project3Tests.swift; sourceTree = "<group>"; };
		68846D2A20AD461400666A25 /* Info.plist */ = {isa = PBXFileReference; lastKnownFileType = text.plist.xml; path = Info.plist; sourceTree = "<group>"; };
		68846D2F20AD461400666A25 /* project3UITests.xctest */ = {isa = PBXFileReference; explicitFileType = wrapper.cfbundle; includeInIndex = 0; path = project3UITests.xctest; sourceTree = BUILT_PRODUCTS_DIR; };
		68846D3320AD461400666A25 /* project3UITests.swift */ = {isa = PBXFileReference; lastKnownFileType = sourcecode.swift; path = project3UITests.swift; sourceTree = "<group>"; };
		68846D3520AD461400666A25 /* Info.plist */ = {isa = PBXFileReference; lastKnownFileType = text.plist.xml; path = Info.plist; sourceTree = "<group>"; };
		68846D4220AD463300666A25 /* rocketship.scn */ = {isa = PBXFileReference; lastKnownFileType = file.bplist; path = rocketship.scn; sourceTree = "<group>"; };
		68846D4520AD468200666A25 /* spark.png */ = {isa = PBXFileReference; lastKnownFileType = image.png; path = spark.png; sourceTree = "<group>"; };
		68846D4620AD468200666A25 /* reactor.scnp */ = {isa = PBXFileReference; lastKnownFileType = file.scp; path = reactor.scnp; sourceTree = "<group>"; };
/* End PBXFileReference section */

/* Begin PBXFrameworksBuildPhase section */
		68846D0B20AD461300666A25 /* Frameworks */ = {
			isa = PBXFrameworksBuildPhase;
			buildActionMask = 2147483647;
			files = (
			);
			runOnlyForDeploymentPostprocessing = 0;
		};
		68846D2120AD461400666A25 /* Frameworks */ = {
			isa = PBXFrameworksBuildPhase;
			buildActionMask = 2147483647;
			files = (
			);
			runOnlyForDeploymentPostprocessing = 0;
		};
		68846D2C20AD461400666A25 /* Frameworks */ = {
			isa = PBXFrameworksBuildPhase;
			buildActionMask = 2147483647;
			files = (
			);
			runOnlyForDeploymentPostprocessing = 0;
		};
/* End PBXFrameworksBuildPhase section */

/* Begin PBXGroup section */
		68846D0520AD461300666A25 = {
			isa = PBXGroup;
			children = (
				68846D1020AD461300666A25 /* project3 */,
				68846D2720AD461400666A25 /* project3Tests */,
				68846D3220AD461400666A25 /* project3UITests */,
				68846D0F20AD461300666A25 /* Products */,
			);
			sourceTree = "<group>";
		};
		68846D0F20AD461300666A25 /* Products */ = {
			isa = PBXGroup;
			children = (
				68846D0E20AD461300666A25 /* project3.app */,
				68846D2420AD461400666A25 /* project3Tests.xctest */,
				68846D2F20AD461400666A25 /* project3UITests.xctest */,
			);
			name = Products;
			sourceTree = "<group>";
		};
		68846D1020AD461300666A25 /* project3 */ = {
			isa = PBXGroup;
			children = (
				68846D1120AD461300666A25 /* AppDelegate.swift */,
				68846D4120AD463300666A25 /* 3D Models */,
				68846D1320AD461300666A25 /* art.scnassets */,
				68846D1520AD461300666A25 /* ViewController.swift */,
				68846D1720AD461300666A25 /* Main.storyboard */,
				68846D1A20AD461400666A25 /* Assets.xcassets */,
				68846D1C20AD461400666A25 /* LaunchScreen.storyboard */,
				68846D1F20AD461400666A25 /* Info.plist */,
			);
			path = project3;
			sourceTree = "<group>";
		};
		68846D2720AD461400666A25 /* project3Tests */ = {
			isa = PBXGroup;
			children = (
				68846D2820AD461400666A25 /* project3Tests.swift */,
				68846D2A20AD461400666A25 /* Info.plist */,
			);
			path = project3Tests;
			sourceTree = "<group>";
		};
		68846D3220AD461400666A25 /* project3UITests */ = {
			isa = PBXGroup;
			children = (
				68846D3320AD461400666A25 /* project3UITests.swift */,
				68846D3520AD461400666A25 /* Info.plist */,
			);
			path = project3UITests;
			sourceTree = "<group>";
		};
		68846D4120AD463300666A25 /* 3D Models */ = {
			isa = PBXGroup;
			children = (
				68846D4420AD468200666A25 /* Particles */,
				68846D4220AD463300666A25 /* rocketship.scn */,
			);
			name = "3D Models";
			path = "../../ARKitPhysics-master/ARKitPhysics/3D Models";
			sourceTree = "<group>";
		};
		68846D4420AD468200666A25 /* Particles */ = {
			isa = PBXGroup;
			children = (
				68846D4520AD468200666A25 /* spark.png */,
				68846D4620AD468200666A25 /* reactor.scnp */,
			);
			name = Particles;
			path = ../Particles;
			sourceTree = "<group>";
		};
/* End PBXGroup section */

/* Begin PBXNativeTarget section */
		68846D0D20AD461300666A25 /* project3 */ = {
			isa = PBXNativeTarget;
			buildConfigurationList = 68846D3820AD461400666A25 /* Build configuration list for PBXNativeTarget "project3" */;
			buildPhases = (
				68846D0A20AD461300666A25 /* Sources */,
				68846D0B20AD461300666A25 /* Frameworks */,
				68846D0C20AD461300666A25 /* Resources */,
			);
			buildRules = (
			);
			dependencies = (
			);
			name = project3;
			productName = project3;
			productReference = 68846D0E20AD461300666A25 /* project3.app */;
			productType = "com.apple.product-type.application";
		};
		68846D2320AD461400666A25 /* project3Tests */ = {
			isa = PBXNativeTarget;
			buildConfigurationList = 68846D3B20AD461400666A25 /* Build configuration list for PBXNativeTarget "project3Tests" */;
			buildPhases = (
				68846D2020AD461400666A25 /* Sources */,
				68846D2120AD461400666A25 /* Frameworks */,
				68846D2220AD461400666A25 /* Resources */,
			);
			buildRules = (
			);
			dependencies = (
				68846D2620AD461400666A25 /* PBXTargetDependency */,
			);
			name = project3Tests;
			productName = project3Tests;
			productReference = 68846D2420AD461400666A25 /* project3Tests.xctest */;
			productType = "com.apple.product-type.bundle.unit-test";
		};
		68846D2E20AD461400666A25 /* project3UITests */ = {
			isa = PBXNativeTarget;
			buildConfigurationList = 68846D3E20AD461400666A25 /* Build configuration list for PBXNativeTarget "project3UITests" */;
			buildPhases = (
				68846D2B20AD461400666A25 /* Sources */,
				68846D2C20AD461400666A25 /* Frameworks */,
				68846D2D20AD461400666A25 /* Resources */,
			);
			buildRules = (
			);
			dependencies = (
				68846D3120AD461400666A25 /* PBXTargetDependency */,
			);
			name = project3UITests;
			productName = project3UITests;
			productReference = 68846D2F20AD461400666A25 /* project3UITests.xctest */;
			productType = "com.apple.product-type.bundle.ui-testing";
		};
/* End PBXNativeTarget section */

/* Begin PBXProject section */
		68846D0620AD461300666A25 /* Project object */ = {
			isa = PBXProject;
			attributes = {
				LastSwiftUpdateCheck = 0930;
				LastUpgradeCheck = 0930;
				ORGANIZATIONNAME = "Kevin Fan";
				TargetAttributes = {
					68846D0D20AD461300666A25 = {
						CreatedOnToolsVersion = 9.3.1;
					};
					68846D2320AD461400666A25 = {
						CreatedOnToolsVersion = 9.3.1;
						TestTargetID = 68846D0D20AD461300666A25;
					};
					68846D2E20AD461400666A25 = {
						CreatedOnToolsVersion = 9.3.1;
						TestTargetID = 68846D0D20AD461300666A25;
					};
				};
			};
			buildConfigurationList = 68846D0920AD461300666A25 /* Build configuration list for PBXProject "project3" */;
			compatibilityVersion = "Xcode 9.3";
			developmentRegion = en;
			hasScannedForEncodings = 0;
			knownRegions = (
				en,
				Base,
			);
			mainGroup = 68846D0520AD461300666A25;
			productRefGroup = 68846D0F20AD461300666A25 /* Products */;
			projectDirPath = "";
			projectRoot = "";
			targets = (
				68846D0D20AD461300666A25 /* project3 */,
				68846D2320AD461400666A25 /* project3Tests */,
				68846D2E20AD461400666A25 /* project3UITests */,
			);
		};
/* End PBXProject section */

/* Begin PBXResourcesBuildPhase section */
		68846D0C20AD461300666A25 /* Resources */ = {
			isa = PBXResourcesBuildPhase;
			buildActionMask = 2147483647;
			files = (
				68846D1420AD461300666A25 /* art.scnassets in Resources */,
				68846D4720AD468200666A25 /* spark.png in Resources */,
				68846D4820AD468200666A25 /* reactor.scnp in Resources */,
				68846D1E20AD461400666A25 /* LaunchScreen.storyboard in Resources */,
				68846D1B20AD461400666A25 /* Assets.xcassets in Resources */,
				68846D1920AD461300666A25 /* Main.storyboard in Resources */,
				68846D4320AD463300666A25 /* rocketship.scn in Resources */,
			);
			runOnlyForDeploymentPostprocessing = 0;
		};
		68846D2220AD461400666A25 /* Resources */ = {
			isa = PBXResourcesBuildPhase;
			buildActionMask = 2147483647;
			files = (
			);
			runOnlyForDeploymentPostprocessing = 0;
		};
		68846D2D20AD461400666A25 /* Resources */ = {
			isa = PBXResourcesBuildPhase;
			buildActionMask = 2147483647;
			files = (
			);
			runOnlyForDeploymentPostprocessing = 0;
		};
/* End PBXResourcesBuildPhase section */

/* Begin PBXSourcesBuildPhase section */
		68846D0A20AD461300666A25 /* Sources */ = {
			isa = PBXSourcesBuildPhase;
			buildActionMask = 2147483647;
			files = (
				68846D1620AD461300666A25 /* ViewController.swift in Sources */,
				68846D1220AD461300666A25 /* AppDelegate.swift in Sources */,
			);
			runOnlyForDeploymentPostprocessing = 0;
		};
		68846D2020AD461400666A25 /* Sources */ = {
			isa = PBXSourcesBuildPhase;
			buildActionMask = 2147483647;
			files = (
				68846D2920AD461400666A25 /* project3Tests.swift in Sources */,
			);
			runOnlyForDeploymentPostprocessing = 0;
		};
		68846D2B20AD461400666A25 /* Sources */ = {
			isa = PBXSourcesBuildPhase;
			buildActionMask = 2147483647;
			files = (
				68846D3420AD461400666A25 /* project3UITests.swift in Sources */,
			);
			runOnlyForDeploymentPostprocessing = 0;
		};
/* End PBXSourcesBuildPhase section */

/* Begin PBXTargetDependency section */
		68846D2620AD461400666A25 /* PBXTargetDependency */ = {
			isa = PBXTargetDependency;
			target = 68846D0D20AD461300666A25 /* project3 */;
			targetProxy = 68846D2520AD461400666A25 /* PBXContainerItemProxy */;
		};
		68846D3120AD461400666A25 /* PBXTargetDependency */ = {
			isa = PBXTargetDependency;
			target = 68846D0D20AD461300666A25 /* project3 */;
			targetProxy = 68846D3020AD461400666A25 /* PBXContainerItemProxy */;
		};
/* End PBXTargetDependency section */

/* Begin PBXVariantGroup section */
		68846D1720AD461300666A25 /* Main.storyboard */ = {
			isa = PBXVariantGroup;
			children = (
				68846D1820AD461300666A25 /* Base */,
			);
			name = Main.storyboard;
			sourceTree = "<group>";
		};
		68846D1C20AD461400666A25 /* LaunchScreen.storyboard */ = {
			isa = PBXVariantGroup;
			children = (
				68846D1D20AD461400666A25 /* Base */,
			);
			name = LaunchScreen.storyboard;
			sourceTree = "<group>";
		};
/* End PBXVariantGroup section */

/* Begin XCBuildConfiguration section */
		68846D3620AD461400666A25 /* Debug */ = {
			isa = XCBuildConfiguration;
			buildSettings = {
				ALWAYS_SEARCH_USER_PATHS = NO;
				CLANG_ANALYZER_NONNULL = YES;
				CLANG_ANALYZER_NUMBER_OBJECT_CONVERSION = YES_AGGRESSIVE;
				CLANG_CXX_LANGUAGE_STANDARD = "gnu++14";
				CLANG_CXX_LIBRARY = "libc++";
				CLANG_ENABLE_MODULES = YES;
				CLANG_ENABLE_OBJC_ARC = YES;
				CLANG_ENABLE_OBJC_WEAK = YES;
				CLANG_WARN_BLOCK_CAPTURE_AUTORELEASING = YES;
				CLANG_WARN_BOOL_CONVERSION = YES;
				CLANG_WARN_COMMA = YES;
				CLANG_WARN_CONSTANT_CONVERSION = YES;
				CLANG_WARN_DEPRECATED_OBJC_IMPLEMENTATIONS = YES;
				CLANG_WARN_DIRECT_OBJC_ISA_USAGE = YES_ERROR;
				CLANG_WARN_DOCUMENTATION_COMMENTS = YES;
				CLANG_WARN_EMPTY_BODY = YES;
				CLANG_WARN_ENUM_CONVERSION = YES;
				CLANG_WARN_INFINITE_RECURSION = YES;
				CLANG_WARN_INT_CONVERSION = YES;
				CLANG_WARN_NON_LITERAL_NULL_CONVERSION = YES;
				CLANG_WARN_OBJC_IMPLICIT_RETAIN_SELF = YES;
				CLANG_WARN_OBJC_LITERAL_CONVERSION = YES;
				CLANG_WARN_OBJC_ROOT_CLASS = YES_ERROR;
				CLANG_WARN_RANGE_LOOP_ANALYSIS = YES;
				CLANG_WARN_STRICT_PROTOTYPES = YES;
				CLANG_WARN_SUSPICIOUS_MOVE = YES;
				CLANG_WARN_UNGUARDED_AVAILABILITY = YES_AGGRESSIVE;
				CLANG_WARN_UNREACHABLE_CODE = YES;
				CLANG_WARN__DUPLICATE_METHOD_MATCH = YES;
				CODE_SIGN_IDENTITY = "iPhone Developer";
				COPY_PHASE_STRIP = NO;
				DEBUG_INFORMATION_FORMAT = dwarf;
				ENABLE_STRICT_OBJC_MSGSEND = YES;
				ENABLE_TESTABILITY = YES;
				GCC_C_LANGUAGE_STANDARD = gnu11;
				GCC_DYNAMIC_NO_PIC = NO;
				GCC_NO_COMMON_BLOCKS = YES;
				GCC_OPTIMIZATION_LEVEL = 0;
				GCC_PREPROCESSOR_DEFINITIONS = (
					"DEBUG=1",
					"$(inherited)",
				);
				GCC_WARN_64_TO_32_BIT_CONVERSION = YES;
				GCC_WARN_ABOUT_RETURN_TYPE = YES_ERROR;
				GCC_WARN_UNDECLARED_SELECTOR = YES;
				GCC_WARN_UNINITIALIZED_AUTOS = YES_AGGRESSIVE;
				GCC_WARN_UNUSED_FUNCTION = YES;
				GCC_WARN_UNUSED_VARIABLE = YES;
				IPHONEOS_DEPLOYMENT_TARGET = 11.3;
				MTL_ENABLE_DEBUG_INFO = YES;
				ONLY_ACTIVE_ARCH = YES;
				SDKROOT = iphoneos;
				SWIFT_ACTIVE_COMPILATION_CONDITIONS = DEBUG;
				SWIFT_OPTIMIZATION_LEVEL = "-Onone";
			};
			name = Debug;
		};
		68846D3720AD461400666A25 /* Release */ = {
			isa = XCBuildConfiguration;
			buildSettings = {
				ALWAYS_SEARCH_USER_PATHS = NO;
				CLANG_ANALYZER_NONNULL = YES;
				CLANG_ANALYZER_NUMBER_OBJECT_CONVERSION = YES_AGGRESSIVE;
				CLANG_CXX_LANGUAGE_STANDARD = "gnu++14";
				CLANG_CXX_LIBRARY = "libc++";
				CLANG_ENABLE_MODULES = YES;
				CLANG_ENABLE_OBJC_ARC = YES;
				CLANG_ENABLE_OBJC_WEAK = YES;
				CLANG_WARN_BLOCK_CAPTURE_AUTORELEASING = YES;
				CLANG_WARN_BOOL_CONVERSION = YES;
				CLANG_WARN_COMMA = YES;
				CLANG_WARN_CONSTANT_CONVERSION = YES;
				CLANG_WARN_DEPRECATED_OBJC_IMPLEMENTATIONS = YES;
				CLANG_WARN_DIRECT_OBJC_ISA_USAGE = YES_ERROR;
				CLANG_WARN_DOCUMENTATION_COMMENTS = YES;
				CLANG_WARN_EMPTY_BODY = YES;
				CLANG_WARN_ENUM_CONVERSION = YES;
				CLANG_WARN_INFINITE_RECURSION = YES;
				CLANG_WARN_INT_CONVERSION = YES;
				CLANG_WARN_NON_LITERAL_NULL_CONVERSION = YES;
				CLANG_WARN_OBJC_IMPLICIT_RETAIN_SELF = YES;
				CLANG_WARN_OBJC_LITERAL_CONVERSION = YES;
				CLANG_WARN_OBJC_ROOT_CLASS = YES_ERROR;
				CLANG_WARN_RANGE_LOOP_ANALYSIS = YES;
				CLANG_WARN_STRICT_PROTOTYPES = YES;
				CLANG_WARN_SUSPICIOUS_MOVE = YES;
				CLANG_WARN_UNGUARDED_AVAILABILITY = YES_AGGRESSIVE;
				CLANG_WARN_UNREACHABLE_CODE = YES;
				CLANG_WARN__DUPLICATE_METHOD_MATCH = YES;
				CODE_SIGN_IDENTITY = "iPhone Developer";
				COPY_PHASE_STRIP = NO;
				DEBUG_INFORMATION_FORMAT = "dwarf-with-dsym";
				ENABLE_NS_ASSERTIONS = NO;
				ENABLE_STRICT_OBJC_MSGSEND = YES;
				GCC_C_LANGUAGE_STANDARD = gnu11;
				GCC_NO_COMMON_BLOCKS = YES;
				GCC_WARN_64_TO_32_BIT_CONVERSION = YES;
				GCC_WARN_ABOUT_RETURN_TYPE = YES_ERROR;
				GCC_WARN_UNDECLARED_SELECTOR = YES;
				GCC_WARN_UNINITIALIZED_AUTOS = YES_AGGRESSIVE;
				GCC_WARN_UNUSED_FUNCTION = YES;
				GCC_WARN_UNUSED_VARIABLE = YES;
				IPHONEOS_DEPLOYMENT_TARGET = 11.3;
				MTL_ENABLE_DEBUG_INFO = NO;
				SDKROOT = iphoneos;
				SWIFT_COMPILATION_MODE = wholemodule;
				SWIFT_OPTIMIZATION_LEVEL = "-O";
				VALIDATE_PRODUCT = YES;
			};
			name = Release;
		};
		68846D3920AD461400666A25 /* Debug */ = {
			isa = XCBuildConfiguration;
			buildSettings = {
				ASSETCATALOG_COMPILER_APPICON_NAME = AppIcon;
				CODE_SIGN_STYLE = Automatic;
				DEVELOPMENT_TEAM = Y287VZHMER;
				INFOPLIST_FILE = project3/Info.plist;
				LD_RUNPATH_SEARCH_PATHS = (
					"$(inherited)",
					"@executable_path/Frameworks",
				);
				PRODUCT_BUNDLE_IDENTIFIER = io.kfan.project3;
				PRODUCT_NAME = "$(TARGET_NAME)";
				SWIFT_VERSION = 4.0;
				TARGETED_DEVICE_FAMILY = "1,2";
			};
			name = Debug;
		};
		68846D3A20AD461400666A25 /* Release */ = {
			isa = XCBuildConfiguration;
			buildSettings = {
				ASSETCATALOG_COMPILER_APPICON_NAME = AppIcon;
				CODE_SIGN_STYLE = Automatic;
				DEVELOPMENT_TEAM = Y287VZHMER;
				INFOPLIST_FILE = project3/Info.plist;
				LD_RUNPATH_SEARCH_PATHS = (
					"$(inherited)",
					"@executable_path/Frameworks",
				);
				PRODUCT_BUNDLE_IDENTIFIER = io.kfan.project3;
				PRODUCT_NAME = "$(TARGET_NAME)";
				SWIFT_VERSION = 4.0;
				TARGETED_DEVICE_FAMILY = "1,2";
			};
			name = Release;
		};
		68846D3C20AD461400666A25 /* Debug */ = {
			isa = XCBuildConfiguration;
			buildSettings = {
				ALWAYS_EMBED_SWIFT_STANDARD_LIBRARIES = YES;
				BUNDLE_LOADER = "$(TEST_HOST)";
				CODE_SIGN_STYLE = Automatic;
				DEVELOPMENT_TEAM = Y287VZHMER;
				INFOPLIST_FILE = project3Tests/Info.plist;
				LD_RUNPATH_SEARCH_PATHS = (
					"$(inherited)",
					"@executable_path/Frameworks",
					"@loader_path/Frameworks",
				);
				PRODUCT_BUNDLE_IDENTIFIER = io.kfan.project3Tests;
				PRODUCT_NAME = "$(TARGET_NAME)";
				SWIFT_VERSION = 4.0;
				TARGETED_DEVICE_FAMILY = "1,2";
				TEST_HOST = "$(BUILT_PRODUCTS_DIR)/project3.app/project3";
			};
			name = Debug;
		};
		68846D3D20AD461400666A25 /* Release */ = {
			isa = XCBuildConfiguration;
			buildSettings = {
				ALWAYS_EMBED_SWIFT_STANDARD_LIBRARIES = YES;
				BUNDLE_LOADER = "$(TEST_HOST)";
				CODE_SIGN_STYLE = Automatic;
				DEVELOPMENT_TEAM = Y287VZHMER;
				INFOPLIST_FILE = project3Tests/Info.plist;
				LD_RUNPATH_SEARCH_PATHS = (
					"$(inherited)",
					"@executable_path/Frameworks",
					"@loader_path/Frameworks",
				);
				PRODUCT_BUNDLE_IDENTIFIER = io.kfan.project3Tests;
				PRODUCT_NAME = "$(TARGET_NAME)";
				SWIFT_VERSION = 4.0;
				TARGETED_DEVICE_FAMILY = "1,2";
				TEST_HOST = "$(BUILT_PRODUCTS_DIR)/project3.app/project3";
			};
			name = Release;
		};
		68846D3F20AD461400666A25 /* Debug */ = {
			isa = XCBuildConfiguration;
			buildSettings = {
				ALWAYS_EMBED_SWIFT_STANDARD_LIBRARIES = YES;
				CODE_SIGN_STYLE = Automatic;
				DEVELOPMENT_TEAM = Y287VZHMER;
				INFOPLIST_FILE = project3UITests/Info.plist;
				LD_RUNPATH_SEARCH_PATHS = (
					"$(inherited)",
					"@executable_path/Frameworks",
					"@loader_path/Frameworks",
				);
				PRODUCT_BUNDLE_IDENTIFIER = io.kfan.project3UITests;
				PRODUCT_NAME = "$(TARGET_NAME)";
				SWIFT_VERSION = 4.0;
				TARGETED_DEVICE_FAMILY = "1,2";
				TEST_TARGET_NAME = project3;
			};
			name = Debug;
		};
		68846D4020AD461400666A25 /* Release */ = {
			isa = XCBuildConfiguration;
			buildSettings = {
				ALWAYS_EMBED_SWIFT_STANDARD_LIBRARIES = YES;
				CODE_SIGN_STYLE = Automatic;
				DEVELOPMENT_TEAM = Y287VZHMER;
				INFOPLIST_FILE = project3UITests/Info.plist;
				LD_RUNPATH_SEARCH_PATHS = (
					"$(inherited)",
					"@executable_path/Frameworks",
					"@loader_path/Frameworks",
				);
				PRODUCT_BUNDLE_IDENTIFIER = io.kfan.project3UITests;
				PRODUCT_NAME = "$(TARGET_NAME)";
				SWIFT_VERSION = 4.0;
				TARGETED_DEVICE_FAMILY = "1,2";
				TEST_TARGET_NAME = project3;
			};
			name = Release;
		};
/* End XCBuildConfiguration section */

/* Begin XCConfigurationList section */
		68846D0920AD461300666A25 /* Build configuration list for PBXProject "project3" */ = {
			isa = XCConfigurationList;
			buildConfigurations = (
				68846D3620AD461400666A25 /* Debug */,
				68846D3720AD461400666A25 /* Release */,
			);
			defaultConfigurationIsVisible = 0;
			defaultConfigurationName = Release;
		};
		68846D3820AD461400666A25 /* Build configuration list for PBXNativeTarget "project3" */ = {
			isa = XCConfigurationList;
			buildConfigurations = (
				68846D3920AD461400666A25 /* Debug */,
				68846D3A20AD461400666A25 /* Release */,
			);
			defaultConfigurationIsVisible = 0;
			defaultConfigurationName = Release;
		};
		68846D3B20AD461400666A25 /* Build configuration list for PBXNativeTarget "project3Tests" */ = {
			isa = XCConfigurationList;
			buildConfigurations = (
				68846D3C20AD461400666A25 /* Debug */,
				68846D3D20AD461400666A25 /* Release */,
			);
			defaultConfigurationIsVisible = 0;
			defaultConfigurationName = Release;
		};
		68846D3E20AD461400666A25 /* Build configuration list for PBXNativeTarget "project3UITests" */ = {
			isa = XCConfigurationList;
			buildConfigurations = (
				68846D3F20AD461400666A25 /* Debug */,
				68846D4020AD461400666A25 /* Release */,
			);
			defaultConfigurationIsVisible = 0;
			defaultConfigurationName = Release;
		};
/* End XCConfigurationList section */
	};
	rootObject = 68846D0620AD461300666A25 /* Project object */;
}
